// !$*UTF8*$!
{
	archiveVersion = 1;
	classes = {
	};
	objectVersion = 46;
	objects = {

/* Begin PBXBuildFile section */
		455314AF1D9607F300C9F5D7 /* KQRankView.swift in Sources */ = {isa = PBXBuildFile; fileRef = 455314AE1D9607F300C9F5D7 /* KQRankView.swift */; };
		455314B11D9609EE00C9F5D7 /* KQProviderCell.swift in Sources */ = {isa = PBXBuildFile; fileRef = 455314B01D9609EE00C9F5D7 /* KQProviderCell.swift */; };
		455314B91D960D8400C9F5D7 /* icon-site-0.png in Resources */ = {isa = PBXBuildFile; fileRef = 455314B21D960D8400C9F5D7 /* icon-site-0.png */; };
		455314BA1D960D8400C9F5D7 /* icon-site-1.png in Resources */ = {isa = PBXBuildFile; fileRef = 455314B31D960D8400C9F5D7 /* icon-site-1.png */; };
		455314BB1D960D8400C9F5D7 /* icon-site-2.png in Resources */ = {isa = PBXBuildFile; fileRef = 455314B41D960D8400C9F5D7 /* icon-site-2.png */; };
		455314BC1D960D8400C9F5D7 /* icon-site-3.png in Resources */ = {isa = PBXBuildFile; fileRef = 455314B51D960D8400C9F5D7 /* icon-site-3.png */; };
		455314BD1D960D8400C9F5D7 /* icon-site-4.png in Resources */ = {isa = PBXBuildFile; fileRef = 455314B61D960D8400C9F5D7 /* icon-site-4.png */; };
		455314BE1D960D8400C9F5D7 /* icon-site-5.png in Resources */ = {isa = PBXBuildFile; fileRef = 455314B71D960D8400C9F5D7 /* icon-site-5.png */; };
		455314BF1D960D8400C9F5D7 /* icon-site-6.png in Resources */ = {isa = PBXBuildFile; fileRef = 455314B81D960D8400C9F5D7 /* icon-site-6.png */; };
		455314C31D960E5500C9F5D7 /* icon-site-9.png in Resources */ = {isa = PBXBuildFile; fileRef = 455314C01D960E5500C9F5D7 /* icon-site-9.png */; };
		455314C41D960E5500C9F5D7 /* icon-site-8.png in Resources */ = {isa = PBXBuildFile; fileRef = 455314C11D960E5500C9F5D7 /* icon-site-8.png */; };
		455314C51D960E5500C9F5D7 /* icon-site-7.png in Resources */ = {isa = PBXBuildFile; fileRef = 455314C21D960E5500C9F5D7 /* icon-site-7.png */; };
		455314C71D960EB200C9F5D7 /* KQProvider.swift in Sources */ = {isa = PBXBuildFile; fileRef = 455314C61D960EB200C9F5D7 /* KQProvider.swift */; };
		455314C91D9612B400C9F5D7 /* listProvider.json in Resources */ = {isa = PBXBuildFile; fileRef = 455314C81D9612B400C9F5D7 /* listProvider.json */; };
		455314D01D96343D00C9F5D7 /* bar-rank-selected.png in Resources */ = {isa = PBXBuildFile; fileRef = 455314CA1D96343D00C9F5D7 /* bar-rank-selected.png */; };
		455314D11D96343D00C9F5D7 /* bar-rank-selected@2x.png in Resources */ = {isa = PBXBuildFile; fileRef = 455314CB1D96343D00C9F5D7 /* bar-rank-selected@2x.png */; };
		455314D21D96343D00C9F5D7 /* bar-rank-selected@3x.png in Resources */ = {isa = PBXBuildFile; fileRef = 455314CC1D96343D00C9F5D7 /* bar-rank-selected@3x.png */; };
		455314D31D96343D00C9F5D7 /* bar-rank.png in Resources */ = {isa = PBXBuildFile; fileRef = 455314CD1D96343D00C9F5D7 /* bar-rank.png */; };
		455314D41D96343D00C9F5D7 /* bar-rank@2x.png in Resources */ = {isa = PBXBuildFile; fileRef = 455314CE1D96343D00C9F5D7 /* bar-rank@2x.png */; };
		455314D51D96343D00C9F5D7 /* bar-rank@3x.png in Resources */ = {isa = PBXBuildFile; fileRef = 455314CF1D96343D00C9F5D7 /* bar-rank@3x.png */; };
		455314D71D965EF300C9F5D7 /* KQStatusView.swift in Sources */ = {isa = PBXBuildFile; fileRef = 455314D61D965EF300C9F5D7 /* KQStatusView.swift */; };
		455314DB1D96652800C9F5D7 /* icon-status.png in Resources */ = {isa = PBXBuildFile; fileRef = 455314D81D96652800C9F5D7 /* icon-status.png */; };
		455314DC1D96652800C9F5D7 /* icon-status@2x.png in Resources */ = {isa = PBXBuildFile; fileRef = 455314D91D96652800C9F5D7 /* icon-status@2x.png */; };
		455314DD1D96652800C9F5D7 /* icon-status@3x.png in Resources */ = {isa = PBXBuildFile; fileRef = 455314DA1D96652800C9F5D7 /* icon-status@3x.png */; };
		455314E11D96697500C9F5D7 /* icon-status-wrong.png in Resources */ = {isa = PBXBuildFile; fileRef = 455314DE1D96697500C9F5D7 /* icon-status-wrong.png */; };
		455314E21D96697500C9F5D7 /* icon-status-wrong@2x.png in Resources */ = {isa = PBXBuildFile; fileRef = 455314DF1D96697500C9F5D7 /* icon-status-wrong@2x.png */; };
		455314E31D96697500C9F5D7 /* icon-status-wrong@3x.png in Resources */ = {isa = PBXBuildFile; fileRef = 455314E01D96697500C9F5D7 /* icon-status-wrong@3x.png */; };
		455314F31D96C58C00C9F5D7 /* icon-calendar.png in Resources */ = {isa = PBXBuildFile; fileRef = 455314E41D96C58C00C9F5D7 /* icon-calendar.png */; };
		455314F41D96C58C00C9F5D7 /* icon-calendar@2x.png in Resources */ = {isa = PBXBuildFile; fileRef = 455314E51D96C58C00C9F5D7 /* icon-calendar@2x.png */; };
		455314F51D96C58C00C9F5D7 /* icon-calendar@3x.png in Resources */ = {isa = PBXBuildFile; fileRef = 455314E61D96C58C00C9F5D7 /* icon-calendar@3x.png */; };
		455314F61D96C58C00C9F5D7 /* icon-noti.png in Resources */ = {isa = PBXBuildFile; fileRef = 455314E71D96C58C00C9F5D7 /* icon-noti.png */; };
		455314F71D96C58C00C9F5D7 /* icon-noti@2x.png in Resources */ = {isa = PBXBuildFile; fileRef = 455314E81D96C58C00C9F5D7 /* icon-noti@2x.png */; };
		455314F81D96C58C00C9F5D7 /* icon-noti@3x.png in Resources */ = {isa = PBXBuildFile; fileRef = 455314E91D96C58C00C9F5D7 /* icon-noti@3x.png */; };
		455314F91D96C58C00C9F5D7 /* icon-service.png in Resources */ = {isa = PBXBuildFile; fileRef = 455314EA1D96C58C00C9F5D7 /* icon-service.png */; };
		455314FA1D96C58C00C9F5D7 /* icon-service@2x.png in Resources */ = {isa = PBXBuildFile; fileRef = 455314EB1D96C58C00C9F5D7 /* icon-service@2x.png */; };
		455314FB1D96C58C00C9F5D7 /* icon-service@3x.png in Resources */ = {isa = PBXBuildFile; fileRef = 455314EC1D96C58C00C9F5D7 /* icon-service@3x.png */; };
		455314FC1D96C58C00C9F5D7 /* icon-team.png in Resources */ = {isa = PBXBuildFile; fileRef = 455314ED1D96C58C00C9F5D7 /* icon-team.png */; };
		455314FD1D96C58C00C9F5D7 /* icon-team@2x.png in Resources */ = {isa = PBXBuildFile; fileRef = 455314EE1D96C58C00C9F5D7 /* icon-team@2x.png */; };
		455314FE1D96C58C00C9F5D7 /* icon-team@3x.png in Resources */ = {isa = PBXBuildFile; fileRef = 455314EF1D96C58C00C9F5D7 /* icon-team@3x.png */; };
		4553150B1D96C8A900C9F5D7 /* icon-normal.png in Resources */ = {isa = PBXBuildFile; fileRef = 455315081D96C8A900C9F5D7 /* icon-normal.png */; };
		4553150C1D96C8A900C9F5D7 /* icon-normal@2x.png in Resources */ = {isa = PBXBuildFile; fileRef = 455315091D96C8A900C9F5D7 /* icon-normal@2x.png */; };
		4553150D1D96C8A900C9F5D7 /* icon-normal@3x.png in Resources */ = {isa = PBXBuildFile; fileRef = 4553150A1D96C8A900C9F5D7 /* icon-normal@3x.png */; };
		455315111D96C9F900C9F5D7 /* icon-website.png in Resources */ = {isa = PBXBuildFile; fileRef = 4553150E1D96C9F900C9F5D7 /* icon-website.png */; };
		455315121D96C9F900C9F5D7 /* icon-website@2x.png in Resources */ = {isa = PBXBuildFile; fileRef = 4553150F1D96C9F900C9F5D7 /* icon-website@2x.png */; };
		455315131D96C9F900C9F5D7 /* icon-website@3x.png in Resources */ = {isa = PBXBuildFile; fileRef = 455315101D96C9F900C9F5D7 /* icon-website@3x.png */; };
		455315151D96CB9900C9F5D7 /* KQSolutionPopup.swift in Sources */ = {isa = PBXBuildFile; fileRef = 455315141D96CB9900C9F5D7 /* KQSolutionPopup.swift */; };
		4553151F1D96D1F000C9F5D7 /* icon-hack.png in Resources */ = {isa = PBXBuildFile; fileRef = 4553151C1D96D1F000C9F5D7 /* icon-hack.png */; };
		455315201D96D1F000C9F5D7 /* icon-hack@2x.png in Resources */ = {isa = PBXBuildFile; fileRef = 4553151D1D96D1F000C9F5D7 /* icon-hack@2x.png */; };
		455315211D96D1F000C9F5D7 /* icon-hack@3x.png in Resources */ = {isa = PBXBuildFile; fileRef = 4553151E1D96D1F000C9F5D7 /* icon-hack@3x.png */; };
		45FB309F1D94DFFB00766F15 /* AppDelegate.swift in Sources */ = {isa = PBXBuildFile; fileRef = 45FB309E1D94DFFB00766F15 /* AppDelegate.swift */; };
		45FB30A41D94DFFB00766F15 /* Main.storyboard in Resources */ = {isa = PBXBuildFile; fileRef = 45FB30A21D94DFFB00766F15 /* Main.storyboard */; };
		45FB30A61D94DFFB00766F15 /* Assets.xcassets in Resources */ = {isa = PBXBuildFile; fileRef = 45FB30A51D94DFFB00766F15 /* Assets.xcassets */; };
		45FB30A91D94DFFB00766F15 /* LaunchScreen.storyboard in Resources */ = {isa = PBXBuildFile; fileRef = 45FB30A71D94DFFB00766F15 /* LaunchScreen.storyboard */; };
		45FB30BC1D95041100766F15 /* UIColor+Chameleon.m in Sources */ = {isa = PBXBuildFile; fileRef = 45FB30BB1D95041100766F15 /* UIColor+Chameleon.m */; };
		45FB30BE1D95041900766F15 /* Reachability.swift in Sources */ = {isa = PBXBuildFile; fileRef = 45FB30BD1D95041900766F15 /* Reachability.swift */; };
		45FB30C11D95042700766F15 /* LocalNotificationHelper.swift in Sources */ = {isa = PBXBuildFile; fileRef = 45FB30C01D95042700766F15 /* LocalNotificationHelper.swift */; };
		45FB30DE1D95043C00766F15 /* MDProgress.m in Sources */ = {isa = PBXBuildFile; fileRef = 45FB30C41D95043C00766F15 /* MDProgress.m */; };
		45FB30DF1D95043C00766F15 /* MDToast.m in Sources */ = {isa = PBXBuildFile; fileRef = 45FB30C61D95043C00766F15 /* MDToast.m */; };
		45FB30E01D95043C00766F15 /* MDButton.m in Sources */ = {isa = PBXBuildFile; fileRef = 45FB30C91D95043C00766F15 /* MDButton.m */; };
		45FB30E11D95043C00766F15 /* MDRippleLayer.m in Sources */ = {isa = PBXBuildFile; fileRef = 45FB30CB1D95043C00766F15 /* MDRippleLayer.m */; };
		45FB30E21D95043C00766F15 /* UIColorHelper.m in Sources */ = {isa = PBXBuildFile; fileRef = 45FB30CD1D95043C00766F15 /* UIColorHelper.m */; };
		45FB30E31D95043C00766F15 /* MDTouchGestureRecognizer.m in Sources */ = {isa = PBXBuildFile; fileRef = 45FB30CF1D95043C00766F15 /* MDTouchGestureRecognizer.m */; };
		45FB30E41D95043C00766F15 /* UIViewHelper.m in Sources */ = {isa = PBXBuildFile; fileRef = 45FB30D11D95043C00766F15 /* UIViewHelper.m */; };
		45FB30E51D95043C00766F15 /* UIFontHelper.m in Sources */ = {isa = PBXBuildFile; fileRef = 45FB30D31D95043C00766F15 /* UIFontHelper.m */; };
		45FB30E61D95043C00766F15 /* MDDeviceHelper.m in Sources */ = {isa = PBXBuildFile; fileRef = 45FB30D51D95043C00766F15 /* MDDeviceHelper.m */; };
		45FB30E71D95043C00766F15 /* MDTableViewCell.m in Sources */ = {isa = PBXBuildFile; fileRef = 45FB30D71D95043C00766F15 /* MDTableViewCell.m */; };
		45FB30E81D95043C00766F15 /* MDCircularProgressLayer.m in Sources */ = {isa = PBXBuildFile; fileRef = 45FB30D91D95043C00766F15 /* MDCircularProgressLayer.m */; };
		45FB30E91D95043C00766F15 /* MDLinearProgressLayer.m in Sources */ = {isa = PBXBuildFile; fileRef = 45FB30DB1D95043C00766F15 /* MDLinearProgressLayer.m */; };
		45FB30EA1D95043C00766F15 /* MDProgressLayer.m in Sources */ = {isa = PBXBuildFile; fileRef = 45FB30DD1D95043C00766F15 /* MDProgressLayer.m */; };
		45FB30EE1D95044B00766F15 /* RNCryptor.swift in Sources */ = {isa = PBXBuildFile; fileRef = 45FB30EC1D95044B00766F15 /* RNCryptor.swift */; };
		45FB31021D95046F00766F15 /* DateTools.bundle in Resources */ = {isa = PBXBuildFile; fileRef = 45FB30F01D95046F00766F15 /* DateTools.bundle */; };
		45FB31031D95046F00766F15 /* DTConstants.m in Sources */ = {isa = PBXBuildFile; fileRef = 45FB30F31D95046F00766F15 /* DTConstants.m */; };
		45FB31041D95046F00766F15 /* DTError.m in Sources */ = {isa = PBXBuildFile; fileRef = 45FB30F51D95046F00766F15 /* DTError.m */; };
		45FB31051D95046F00766F15 /* DTTimePeriod.m in Sources */ = {isa = PBXBuildFile; fileRef = 45FB30F71D95046F00766F15 /* DTTimePeriod.m */; };
		45FB31061D95046F00766F15 /* DTTimePeriodChain.m in Sources */ = {isa = PBXBuildFile; fileRef = 45FB30F91D95046F00766F15 /* DTTimePeriodChain.m */; };
		45FB31071D95046F00766F15 /* DTTimePeriodCollection.m in Sources */ = {isa = PBXBuildFile; fileRef = 45FB30FB1D95046F00766F15 /* DTTimePeriodCollection.m */; };
		45FB31081D95046F00766F15 /* DTTimePeriodGroup.m in Sources */ = {isa = PBXBuildFile; fileRef = 45FB30FD1D95046F00766F15 /* DTTimePeriodGroup.m */; };
		45FB31091D95046F00766F15 /* NSDate+DateTools.m in Sources */ = {isa = PBXBuildFile; fileRef = 45FB30FF1D95046F00766F15 /* NSDate+DateTools.m */; };
		45FB310A1D95046F00766F15 /* NSDate+InternetDateTime.m in Sources */ = {isa = PBXBuildFile; fileRef = 45FB31011D95046F00766F15 /* NSDate+InternetDateTime.m */; };
		45FB31111D95049D00766F15 /* KQData.swift in Sources */ = {isa = PBXBuildFile; fileRef = 45FB310B1D95049D00766F15 /* KQData.swift */; };
		45FB31121D95049D00766F15 /* KQSize.swift in Sources */ = {isa = PBXBuildFile; fileRef = 45FB310C1D95049D00766F15 /* KQSize.swift */; };
		45FB31131D95049D00766F15 /* KQConst.swift in Sources */ = {isa = PBXBuildFile; fileRef = 45FB310D1D95049D00766F15 /* KQConst.swift */; };
		45FB31141D95049D00766F15 /* Extension.swift in Sources */ = {isa = PBXBuildFile; fileRef = 45FB310E1D95049D00766F15 /* Extension.swift */; };
		45FB31151D95049D00766F15 /* KQFileHandle.swift in Sources */ = {isa = PBXBuildFile; fileRef = 45FB310F1D95049D00766F15 /* KQFileHandle.swift */; };
		45FB311A1D9504A400766F15 /* KQNetwork.swift in Sources */ = {isa = PBXBuildFile; fileRef = 45FB31161D9504A400766F15 /* KQNetwork.swift */; };
		45FB311B1D9504A400766F15 /* KQShare.swift in Sources */ = {isa = PBXBuildFile; fileRef = 45FB31171D9504A400766F15 /* KQShare.swift */; };
		45FB311C1D9504A400766F15 /* KQNotification.swift in Sources */ = {isa = PBXBuildFile; fileRef = 45FB31181D9504A400766F15 /* KQNotification.swift */; };
		45FB311D1D9504A400766F15 /* KQConfigure.swift in Sources */ = {isa = PBXBuildFile; fileRef = 45FB31191D9504A400766F15 /* KQConfigure.swift */; };
		45FB31201D9504AF00766F15 /* KQTabBarController.swift in Sources */ = {isa = PBXBuildFile; fileRef = 45FB311E1D9504AF00766F15 /* KQTabBarController.swift */; };
		45FB31211D9504AF00766F15 /* KQNavigationController.swift in Sources */ = {isa = PBXBuildFile; fileRef = 45FB311F1D9504AF00766F15 /* KQNavigationController.swift */; };
		45FB31231D95050400766F15 /* KQMainView.swift in Sources */ = {isa = PBXBuildFile; fileRef = 45FB31221D95050400766F15 /* KQMainView.swift */; };
		45FB31251D95051300766F15 /* KQAnalyseView.swift in Sources */ = {isa = PBXBuildFile; fileRef = 45FB31241D95051300766F15 /* KQAnalyseView.swift */; };
		45FB31271D95052200766F15 /* KQNewsView.swift in Sources */ = {isa = PBXBuildFile; fileRef = 45FB31261D95052200766F15 /* KQNewsView.swift */; };
		45FB31291D95052F00766F15 /* KQSettingView.swift in Sources */ = {isa = PBXBuildFile; fileRef = 45FB31281D95052F00766F15 /* KQSettingView.swift */; };
		45FB31371D95067B00766F15 /* bar-learn.png in Resources */ = {isa = PBXBuildFile; fileRef = 45FB312A1D95067A00766F15 /* bar-learn.png */; };
		45FB31381D95067B00766F15 /* bar-learn@2x.png in Resources */ = {isa = PBXBuildFile; fileRef = 45FB312B1D95067A00766F15 /* bar-learn@2x.png */; };
		45FB31391D95067B00766F15 /* bar-learn@3x.png in Resources */ = {isa = PBXBuildFile; fileRef = 45FB312C1D95067A00766F15 /* bar-learn@3x.png */; };
		45FB313D1D95067B00766F15 /* bar-posture.png in Resources */ = {isa = PBXBuildFile; fileRef = 45FB31301D95067B00766F15 /* bar-posture.png */; };
		45FB313E1D95067B00766F15 /* bar-posture@2x.png in Resources */ = {isa = PBXBuildFile; fileRef = 45FB31311D95067B00766F15 /* bar-posture@2x.png */; };
		45FB313F1D95067B00766F15 /* bar-posture@3x.png in Resources */ = {isa = PBXBuildFile; fileRef = 45FB31321D95067B00766F15 /* bar-posture@3x.png */; };
		45FB31411D95067B00766F15 /* icon-setting.png in Resources */ = {isa = PBXBuildFile; fileRef = 45FB31341D95067B00766F15 /* icon-setting.png */; };
		45FB31421D95067B00766F15 /* icon-setting@2x.png in Resources */ = {isa = PBXBuildFile; fileRef = 45FB31351D95067B00766F15 /* icon-setting@2x.png */; };
		45FB31431D95067B00766F15 /* icon-setting@3x.png in Resources */ = {isa = PBXBuildFile; fileRef = 45FB31361D95067B00766F15 /* icon-setting@3x.png */; };
		45FB315D1D950C2400766F15 /* KQErrorCell.swift in Sources */ = {isa = PBXBuildFile; fileRef = 45FB315C1D950C2400766F15 /* KQErrorCell.swift */; };
		45FB315F1D950E0500766F15 /* KQErrorView.swift in Sources */ = {isa = PBXBuildFile; fileRef = 45FB315E1D950E0500766F15 /* KQErrorView.swift */; };
		45FB31611D951C5500766F15 /* KQSettingCell.swift in Sources */ = {isa = PBXBuildFile; fileRef = 45FB31601D951C5500766F15 /* KQSettingCell.swift */; };
		45FB31631D951F1000766F15 /* KQNewsCell.swift in Sources */ = {isa = PBXBuildFile; fileRef = 45FB31621D951F1000766F15 /* KQNewsCell.swift */; };
		45FB31651D95247000766F15 /* KQSolutionView.swift in Sources */ = {isa = PBXBuildFile; fileRef = 45FB31641D95247000766F15 /* KQSolutionView.swift */; };
		45FB31681D95250800766F15 /* KQSearchBar.swift in Sources */ = {isa = PBXBuildFile; fileRef = 45FB31661D95250800766F15 /* KQSearchBar.swift */; };
		45FB31691D95250800766F15 /* KQSearchController.swift in Sources */ = {isa = PBXBuildFile; fileRef = 45FB31671D95250800766F15 /* KQSearchController.swift */; };
		45FB316B1D9525EB00766F15 /* KQSolution.swift in Sources */ = {isa = PBXBuildFile; fileRef = 45FB316A1D9525EB00766F15 /* KQSolution.swift */; };
		45FB316D1D9526FB00766F15 /* KQSolutionCell.swift in Sources */ = {isa = PBXBuildFile; fileRef = 45FB316C1D9526FB00766F15 /* KQSolutionCell.swift */; };
		45FB316F1D9565B200766F15 /* icon-512.png in Resources */ = {isa = PBXBuildFile; fileRef = 45FB316E1D9565B200766F15 /* icon-512.png */; };
		45FB31711D9566C500766F15 /* KQPouletRequest.swift in Sources */ = {isa = PBXBuildFile; fileRef = 45FB31701D9566C500766F15 /* KQPouletRequest.swift */; };
		45FB31731D9566D600766F15 /* KQPouletServer.swift in Sources */ = {isa = PBXBuildFile; fileRef = 45FB31721D9566D600766F15 /* KQPouletServer.swift */; };
		45FB31771D95709E00766F15 /* bar-home.png in Resources */ = {isa = PBXBuildFile; fileRef = 45FB31741D95709E00766F15 /* bar-home.png */; };
		45FB31781D95709E00766F15 /* bar-home@2x.png in Resources */ = {isa = PBXBuildFile; fileRef = 45FB31751D95709E00766F15 /* bar-home@2x.png */; };
		45FB31791D95709E00766F15 /* bar-home@3x.png in Resources */ = {isa = PBXBuildFile; fileRef = 45FB31761D95709E00766F15 /* bar-home@3x.png */; };
		45FB317D1D9570BF00766F15 /* bar-home-selected.png in Resources */ = {isa = PBXBuildFile; fileRef = 45FB317A1D9570BF00766F15 /* bar-home-selected.png */; };
		45FB317E1D9570BF00766F15 /* bar-home-selected@2x.png in Resources */ = {isa = PBXBuildFile; fileRef = 45FB317B1D9570BF00766F15 /* bar-home-selected@2x.png */; };
		45FB317F1D9570BF00766F15 /* bar-home-selected@3x.png in Resources */ = {isa = PBXBuildFile; fileRef = 45FB317C1D9570BF00766F15 /* bar-home-selected@3x.png */; };
		45FB31891D95719B00766F15 /* bar-learn-selected.png in Resources */ = {isa = PBXBuildFile; fileRef = 45FB31801D95719B00766F15 /* bar-learn-selected.png */; };
		45FB318A1D95719B00766F15 /* bar-learn-selected@2x.png in Resources */ = {isa = PBXBuildFile; fileRef = 45FB31811D95719B00766F15 /* bar-learn-selected@2x.png */; };
		45FB318B1D95719B00766F15 /* bar-learn-selected@3x.png in Resources */ = {isa = PBXBuildFile; fileRef = 45FB31821D95719B00766F15 /* bar-learn-selected@3x.png */; };
		45FB318C1D95719B00766F15 /* bar-posture-selected.png in Resources */ = {isa = PBXBuildFile; fileRef = 45FB31831D95719B00766F15 /* bar-posture-selected.png */; };
		45FB318D1D95719B00766F15 /* bar-posture-selected@2x.png in Resources */ = {isa = PBXBuildFile; fileRef = 45FB31841D95719B00766F15 /* bar-posture-selected@2x.png */; };
		45FB318E1D95719B00766F15 /* bar-posture-selected@3x.png in Resources */ = {isa = PBXBuildFile; fileRef = 45FB31851D95719B00766F15 /* bar-posture-selected@3x.png */; };
		45FB318F1D95719B00766F15 /* icon-setting-selected.png in Resources */ = {isa = PBXBuildFile; fileRef = 45FB31861D95719B00766F15 /* icon-setting-selected.png */; };
		45FB31901D95719B00766F15 /* icon-setting-selected@2x.png in Resources */ = {isa = PBXBuildFile; fileRef = 45FB31871D95719B00766F15 /* icon-setting-selected@2x.png */; };
		45FB31911D95719B00766F15 /* icon-setting-selected@3x.png in Resources */ = {isa = PBXBuildFile; fileRef = 45FB31881D95719B00766F15 /* icon-setting-selected@3x.png */; };
		45FB31951D95726000766F15 /* icon-logo.png in Resources */ = {isa = PBXBuildFile; fileRef = 45FB31921D95726000766F15 /* icon-logo.png */; };
		45FB31961D95726000766F15 /* icon-logo@2x.png in Resources */ = {isa = PBXBuildFile; fileRef = 45FB31931D95726000766F15 /* icon-logo@2x.png */; };
		45FB31971D95726000766F15 /* icon-logo@3x.png in Resources */ = {isa = PBXBuildFile; fileRef = 45FB31941D95726000766F15 /* icon-logo@3x.png */; };
		45FB319B1D95731100766F15 /* back-button.png in Resources */ = {isa = PBXBuildFile; fileRef = 45FB31981D95731100766F15 /* back-button.png */; };
		45FB319C1D95731100766F15 /* back-button@2x.png in Resources */ = {isa = PBXBuildFile; fileRef = 45FB31991D95731100766F15 /* back-button@2x.png */; };
		45FB319D1D95731100766F15 /* back-button@3x.png in Resources */ = {isa = PBXBuildFile; fileRef = 45FB319A1D95731100766F15 /* back-button@3x.png */; };
		45FB31A11D95735100766F15 /* icon-link.png in Resources */ = {isa = PBXBuildFile; fileRef = 45FB319E1D95735100766F15 /* icon-link.png */; };
		45FB31A21D95735100766F15 /* icon-link@2x.png in Resources */ = {isa = PBXBuildFile; fileRef = 45FB319F1D95735100766F15 /* icon-link@2x.png */; };
		45FB31A31D95735100766F15 /* icon-link@3x.png in Resources */ = {isa = PBXBuildFile; fileRef = 45FB31A01D95735100766F15 /* icon-link@3x.png */; };
		45FB31A51D9573DB00766F15 /* KQLinkPopup.swift in Sources */ = {isa = PBXBuildFile; fileRef = 45FB31A41D9573DB00766F15 /* KQLinkPopup.swift */; };
		45FB31A91D9574F900766F15 /* icon-web.png in Resources */ = {isa = PBXBuildFile; fileRef = 45FB31A61D9574F900766F15 /* icon-web.png */; };
		45FB31AA1D9574F900766F15 /* icon-web@2x.png in Resources */ = {isa = PBXBuildFile; fileRef = 45FB31A71D9574F900766F15 /* icon-web@2x.png */; };
		45FB31AB1D9574F900766F15 /* icon-web@3x.png in Resources */ = {isa = PBXBuildFile; fileRef = 45FB31A81D9574F900766F15 /* icon-web@3x.png */; };
		45FB31AD1D9575DD00766F15 /* KQLogView.swift in Sources */ = {isa = PBXBuildFile; fileRef = 45FB31AC1D9575DD00766F15 /* KQLogView.swift */; };
		45FB31AF1D957B4F00766F15 /* listError.json in Resources */ = {isa = PBXBuildFile; fileRef = 45FB31AE1D957B4F00766F15 /* listError.json */; };
		45FB31B11D95821A00766F15 /* KQSolutionAnalyseView.swift in Sources */ = {isa = PBXBuildFile; fileRef = 45FB31B01D95821A00766F15 /* KQSolutionAnalyseView.swift */; };
		45FB31B31D95829D00766F15 /* KQIndicatorView.swift in Sources */ = {isa = PBXBuildFile; fileRef = 45FB31B21D95829D00766F15 /* KQIndicatorView.swift */; };
		A4BB8AD9C75867ABFAEFEF95 /* Pods_iPoulet.framework in Frameworks */ = {isa = PBXBuildFile; fileRef = 90565D667B04C5656D892F36 /* Pods_iPoulet.framework */; };
/* End PBXBuildFile section */

/* Begin PBXFileReference section */
		02228E86BB99892CB44C0FAE /* Pods-iPoulet.release.xcconfig */ = {isa = PBXFileReference; includeInIndex = 1; lastKnownFileType = text.xcconfig; name = "Pods-iPoulet.release.xcconfig"; path = "Pods/Target Support Files/Pods-iPoulet/Pods-iPoulet.release.xcconfig"; sourceTree = "<group>"; };
		455314AE1D9607F300C9F5D7 /* KQRankView.swift */ = {isa = PBXFileReference; fileEncoding = 4; lastKnownFileType = sourcecode.swift; path = KQRankView.swift; sourceTree = "<group>"; };
		455314B01D9609EE00C9F5D7 /* KQProviderCell.swift */ = {isa = PBXFileReference; fileEncoding = 4; lastKnownFileType = sourcecode.swift; path = KQProviderCell.swift; sourceTree = "<group>"; };
		455314B21D960D8400C9F5D7 /* icon-site-0.png */ = {isa = PBXFileReference; lastKnownFileType = image.png; path = "icon-site-0.png"; sourceTree = "<group>"; };
		455314B31D960D8400C9F5D7 /* icon-site-1.png */ = {isa = PBXFileReference; lastKnownFileType = image.png; path = "icon-site-1.png"; sourceTree = "<group>"; };
		455314B41D960D8400C9F5D7 /* icon-site-2.png */ = {isa = PBXFileReference; lastKnownFileType = image.png; path = "icon-site-2.png"; sourceTree = "<group>"; };
		455314B51D960D8400C9F5D7 /* icon-site-3.png */ = {isa = PBXFileReference; lastKnownFileType = image.png; path = "icon-site-3.png"; sourceTree = "<group>"; };
		455314B61D960D8400C9F5D7 /* icon-site-4.png */ = {isa = PBXFileReference; lastKnownFileType = image.png; path = "icon-site-4.png"; sourceTree = "<group>"; };
		455314B71D960D8400C9F5D7 /* icon-site-5.png */ = {isa = PBXFileReference; lastKnownFileType = image.png; path = "icon-site-5.png"; sourceTree = "<group>"; };
		455314B81D960D8400C9F5D7 /* icon-site-6.png */ = {isa = PBXFileReference; lastKnownFileType = image.png; path = "icon-site-6.png"; sourceTree = "<group>"; };
		455314C01D960E5500C9F5D7 /* icon-site-9.png */ = {isa = PBXFileReference; lastKnownFileType = image.png; path = "icon-site-9.png"; sourceTree = "<group>"; };
		455314C11D960E5500C9F5D7 /* icon-site-8.png */ = {isa = PBXFileReference; lastKnownFileType = image.png; path = "icon-site-8.png"; sourceTree = "<group>"; };
		455314C21D960E5500C9F5D7 /* icon-site-7.png */ = {isa = PBXFileReference; lastKnownFileType = image.png; path = "icon-site-7.png"; sourceTree = "<group>"; };
		455314C61D960EB200C9F5D7 /* KQProvider.swift */ = {isa = PBXFileReference; fileEncoding = 4; lastKnownFileType = sourcecode.swift; path = KQProvider.swift; sourceTree = "<group>"; };
		455314C81D9612B400C9F5D7 /* listProvider.json */ = {isa = PBXFileReference; fileEncoding = 4; lastKnownFileType = text.json; path = listProvider.json; sourceTree = "<group>"; };
		455314CA1D96343D00C9F5D7 /* bar-rank-selected.png */ = {isa = PBXFileReference; lastKnownFileType = image.png; path = "bar-rank-selected.png"; sourceTree = "<group>"; };
		455314CB1D96343D00C9F5D7 /* bar-rank-selected@2x.png */ = {isa = PBXFileReference; lastKnownFileType = image.png; path = "bar-rank-selected@2x.png"; sourceTree = "<group>"; };
		455314CC1D96343D00C9F5D7 /* bar-rank-selected@3x.png */ = {isa = PBXFileReference; lastKnownFileType = image.png; path = "bar-rank-selected@3x.png"; sourceTree = "<group>"; };
		455314CD1D96343D00C9F5D7 /* bar-rank.png */ = {isa = PBXFileReference; lastKnownFileType = image.png; path = "bar-rank.png"; sourceTree = "<group>"; };
		455314CE1D96343D00C9F5D7 /* bar-rank@2x.png */ = {isa = PBXFileReference; lastKnownFileType = image.png; path = "bar-rank@2x.png"; sourceTree = "<group>"; };
		455314CF1D96343D00C9F5D7 /* bar-rank@3x.png */ = {isa = PBXFileReference; lastKnownFileType = image.png; path = "bar-rank@3x.png"; sourceTree = "<group>"; };
		455314D61D965EF300C9F5D7 /* KQStatusView.swift */ = {isa = PBXFileReference; fileEncoding = 4; lastKnownFileType = sourcecode.swift; path = KQStatusView.swift; sourceTree = "<group>"; };
		455314D81D96652800C9F5D7 /* icon-status.png */ = {isa = PBXFileReference; lastKnownFileType = image.png; path = "icon-status.png"; sourceTree = "<group>"; };
		455314D91D96652800C9F5D7 /* icon-status@2x.png */ = {isa = PBXFileReference; lastKnownFileType = image.png; path = "icon-status@2x.png"; sourceTree = "<group>"; };
		455314DA1D96652800C9F5D7 /* icon-status@3x.png */ = {isa = PBXFileReference; lastKnownFileType = image.png; path = "icon-status@3x.png"; sourceTree = "<group>"; };
		455314DE1D96697500C9F5D7 /* icon-status-wrong.png */ = {isa = PBXFileReference; lastKnownFileType = image.png; path = "icon-status-wrong.png"; sourceTree = "<group>"; };
		455314DF1D96697500C9F5D7 /* icon-status-wrong@2x.png */ = {isa = PBXFileReference; lastKnownFileType = image.png; path = "icon-status-wrong@2x.png"; sourceTree = "<group>"; };
		455314E01D96697500C9F5D7 /* icon-status-wrong@3x.png */ = {isa = PBXFileReference; lastKnownFileType = image.png; path = "icon-status-wrong@3x.png"; sourceTree = "<group>"; };
		455314E41D96C58C00C9F5D7 /* icon-calendar.png */ = {isa = PBXFileReference; lastKnownFileType = image.png; path = "icon-calendar.png"; sourceTree = "<group>"; };
		455314E51D96C58C00C9F5D7 /* icon-calendar@2x.png */ = {isa = PBXFileReference; lastKnownFileType = image.png; path = "icon-calendar@2x.png"; sourceTree = "<group>"; };
		455314E61D96C58C00C9F5D7 /* icon-calendar@3x.png */ = {isa = PBXFileReference; lastKnownFileType = image.png; path = "icon-calendar@3x.png"; sourceTree = "<group>"; };
		455314E71D96C58C00C9F5D7 /* icon-noti.png */ = {isa = PBXFileReference; lastKnownFileType = image.png; path = "icon-noti.png"; sourceTree = "<group>"; };
		455314E81D96C58C00C9F5D7 /* icon-noti@2x.png */ = {isa = PBXFileReference; lastKnownFileType = image.png; path = "icon-noti@2x.png"; sourceTree = "<group>"; };
		455314E91D96C58C00C9F5D7 /* icon-noti@3x.png */ = {isa = PBXFileReference; lastKnownFileType = image.png; path = "icon-noti@3x.png"; sourceTree = "<group>"; };
		455314EA1D96C58C00C9F5D7 /* icon-service.png */ = {isa = PBXFileReference; lastKnownFileType = image.png; path = "icon-service.png"; sourceTree = "<group>"; };
		455314EB1D96C58C00C9F5D7 /* icon-service@2x.png */ = {isa = PBXFileReference; lastKnownFileType = image.png; path = "icon-service@2x.png"; sourceTree = "<group>"; };
		455314EC1D96C58C00C9F5D7 /* icon-service@3x.png */ = {isa = PBXFileReference; lastKnownFileType = image.png; path = "icon-service@3x.png"; sourceTree = "<group>"; };
		455314ED1D96C58C00C9F5D7 /* icon-team.png */ = {isa = PBXFileReference; lastKnownFileType = image.png; path = "icon-team.png"; sourceTree = "<group>"; };
		455314EE1D96C58C00C9F5D7 /* icon-team@2x.png */ = {isa = PBXFileReference; lastKnownFileType = image.png; path = "icon-team@2x.png"; sourceTree = "<group>"; };
		455314EF1D96C58C00C9F5D7 /* icon-team@3x.png */ = {isa = PBXFileReference; lastKnownFileType = image.png; path = "icon-team@3x.png"; sourceTree = "<group>"; };
		455315081D96C8A900C9F5D7 /* icon-normal.png */ = {isa = PBXFileReference; lastKnownFileType = image.png; path = "icon-normal.png"; sourceTree = "<group>"; };
		455315091D96C8A900C9F5D7 /* icon-normal@2x.png */ = {isa = PBXFileReference; lastKnownFileType = image.png; path = "icon-normal@2x.png"; sourceTree = "<group>"; };
		4553150A1D96C8A900C9F5D7 /* icon-normal@3x.png */ = {isa = PBXFileReference; lastKnownFileType = image.png; path = "icon-normal@3x.png"; sourceTree = "<group>"; };
		4553150E1D96C9F900C9F5D7 /* icon-website.png */ = {isa = PBXFileReference; lastKnownFileType = image.png; path = "icon-website.png"; sourceTree = "<group>"; };
		4553150F1D96C9F900C9F5D7 /* icon-website@2x.png */ = {isa = PBXFileReference; lastKnownFileType = image.png; path = "icon-website@2x.png"; sourceTree = "<group>"; };
		455315101D96C9F900C9F5D7 /* icon-website@3x.png */ = {isa = PBXFileReference; lastKnownFileType = image.png; path = "icon-website@3x.png"; sourceTree = "<group>"; };
		455315141D96CB9900C9F5D7 /* KQSolutionPopup.swift */ = {isa = PBXFileReference; fileEncoding = 4; lastKnownFileType = sourcecode.swift; path = KQSolutionPopup.swift; sourceTree = "<group>"; };
		4553151C1D96D1F000C9F5D7 /* icon-hack.png */ = {isa = PBXFileReference; lastKnownFileType = image.png; path = "icon-hack.png"; sourceTree = "<group>"; };
		4553151D1D96D1F000C9F5D7 /* icon-hack@2x.png */ = {isa = PBXFileReference; lastKnownFileType = image.png; path = "icon-hack@2x.png"; sourceTree = "<group>"; };
		4553151E1D96D1F000C9F5D7 /* icon-hack@3x.png */ = {isa = PBXFileReference; lastKnownFileType = image.png; path = "icon-hack@3x.png"; sourceTree = "<group>"; };
		45FB309B1D94DFFB00766F15 /* iPoulet.app */ = {isa = PBXFileReference; explicitFileType = wrapper.application; includeInIndex = 0; path = iPoulet.app; sourceTree = BUILT_PRODUCTS_DIR; };
		45FB309E1D94DFFB00766F15 /* AppDelegate.swift */ = {isa = PBXFileReference; lastKnownFileType = sourcecode.swift; path = AppDelegate.swift; sourceTree = "<group>"; };
		45FB30A31D94DFFB00766F15 /* Base */ = {isa = PBXFileReference; lastKnownFileType = file.storyboard; name = Base; path = Base.lproj/Main.storyboard; sourceTree = "<group>"; };
		45FB30A51D94DFFB00766F15 /* Assets.xcassets */ = {isa = PBXFileReference; lastKnownFileType = folder.assetcatalog; path = Assets.xcassets; sourceTree = "<group>"; };
		45FB30A81D94DFFB00766F15 /* Base */ = {isa = PBXFileReference; lastKnownFileType = file.storyboard; name = Base; path = Base.lproj/LaunchScreen.storyboard; sourceTree = "<group>"; };
		45FB30AA1D94DFFB00766F15 /* Info.plist */ = {isa = PBXFileReference; lastKnownFileType = text.plist.xml; path = Info.plist; sourceTree = "<group>"; };
		45FB30BA1D95041100766F15 /* UIColor+Chameleon.h */ = {isa = PBXFileReference; fileEncoding = 4; lastKnownFileType = sourcecode.c.h; path = "UIColor+Chameleon.h"; sourceTree = "<group>"; };
		45FB30BB1D95041100766F15 /* UIColor+Chameleon.m */ = {isa = PBXFileReference; fileEncoding = 4; lastKnownFileType = sourcecode.c.objc; path = "UIColor+Chameleon.m"; sourceTree = "<group>"; };
		45FB30BD1D95041900766F15 /* Reachability.swift */ = {isa = PBXFileReference; fileEncoding = 4; lastKnownFileType = sourcecode.swift; path = Reachability.swift; sourceTree = "<group>"; };
		45FB30C01D95042700766F15 /* LocalNotificationHelper.swift */ = {isa = PBXFileReference; fileEncoding = 4; lastKnownFileType = sourcecode.swift; path = LocalNotificationHelper.swift; sourceTree = "<group>"; };
		45FB30C31D95043C00766F15 /* MDProgress.h */ = {isa = PBXFileReference; fileEncoding = 4; lastKnownFileType = sourcecode.c.h; path = MDProgress.h; sourceTree = "<group>"; };
		45FB30C41D95043C00766F15 /* MDProgress.m */ = {isa = PBXFileReference; fileEncoding = 4; lastKnownFileType = sourcecode.c.objc; path = MDProgress.m; sourceTree = "<group>"; };
		45FB30C51D95043C00766F15 /* MDToast.h */ = {isa = PBXFileReference; fileEncoding = 4; lastKnownFileType = sourcecode.c.h; path = MDToast.h; sourceTree = "<group>"; };
		45FB30C61D95043C00766F15 /* MDToast.m */ = {isa = PBXFileReference; fileEncoding = 4; lastKnownFileType = sourcecode.c.objc; path = MDToast.m; sourceTree = "<group>"; };
		45FB30C71D95043C00766F15 /* MDConstants.h */ = {isa = PBXFileReference; fileEncoding = 4; lastKnownFileType = sourcecode.c.h; path = MDConstants.h; sourceTree = "<group>"; };
		45FB30C81D95043C00766F15 /* MDButton.h */ = {isa = PBXFileReference; fileEncoding = 4; lastKnownFileType = sourcecode.c.h; path = MDButton.h; sourceTree = "<group>"; };
		45FB30C91D95043C00766F15 /* MDButton.m */ = {isa = PBXFileReference; fileEncoding = 4; lastKnownFileType = sourcecode.c.objc; path = MDButton.m; sourceTree = "<group>"; };
		45FB30CA1D95043C00766F15 /* MDRippleLayer.h */ = {isa = PBXFileReference; fileEncoding = 4; lastKnownFileType = sourcecode.c.h; path = MDRippleLayer.h; sourceTree = "<group>"; };
		45FB30CB1D95043C00766F15 /* MDRippleLayer.m */ = {isa = PBXFileReference; fileEncoding = 4; lastKnownFileType = sourcecode.c.objc; path = MDRippleLayer.m; sourceTree = "<group>"; };
		45FB30CC1D95043C00766F15 /* UIColorHelper.h */ = {isa = PBXFileReference; fileEncoding = 4; lastKnownFileType = sourcecode.c.h; path = UIColorHelper.h; sourceTree = "<group>"; };
		45FB30CD1D95043C00766F15 /* UIColorHelper.m */ = {isa = PBXFileReference; fileEncoding = 4; lastKnownFileType = sourcecode.c.objc; path = UIColorHelper.m; sourceTree = "<group>"; };
		45FB30CE1D95043C00766F15 /* MDTouchGestureRecognizer.h */ = {isa = PBXFileReference; fileEncoding = 4; lastKnownFileType = sourcecode.c.h; path = MDTouchGestureRecognizer.h; sourceTree = "<group>"; };
		45FB30CF1D95043C00766F15 /* MDTouchGestureRecognizer.m */ = {isa = PBXFileReference; fileEncoding = 4; lastKnownFileType = sourcecode.c.objc; path = MDTouchGestureRecognizer.m; sourceTree = "<group>"; };
		45FB30D01D95043C00766F15 /* UIViewHelper.h */ = {isa = PBXFileReference; fileEncoding = 4; lastKnownFileType = sourcecode.c.h; path = UIViewHelper.h; sourceTree = "<group>"; };
		45FB30D11D95043C00766F15 /* UIViewHelper.m */ = {isa = PBXFileReference; fileEncoding = 4; lastKnownFileType = sourcecode.c.objc; path = UIViewHelper.m; sourceTree = "<group>"; };
		45FB30D21D95043C00766F15 /* UIFontHelper.h */ = {isa = PBXFileReference; fileEncoding = 4; lastKnownFileType = sourcecode.c.h; path = UIFontHelper.h; sourceTree = "<group>"; };
		45FB30D31D95043C00766F15 /* UIFontHelper.m */ = {isa = PBXFileReference; fileEncoding = 4; lastKnownFileType = sourcecode.c.objc; path = UIFontHelper.m; sourceTree = "<group>"; };
		45FB30D41D95043C00766F15 /* MDDeviceHelper.h */ = {isa = PBXFileReference; fileEncoding = 4; lastKnownFileType = sourcecode.c.h; path = MDDeviceHelper.h; sourceTree = "<group>"; };
		45FB30D51D95043C00766F15 /* MDDeviceHelper.m */ = {isa = PBXFileReference; fileEncoding = 4; lastKnownFileType = sourcecode.c.objc; path = MDDeviceHelper.m; sourceTree = "<group>"; };
		45FB30D61D95043C00766F15 /* MDTableViewCell.h */ = {isa = PBXFileReference; fileEncoding = 4; lastKnownFileType = sourcecode.c.h; path = MDTableViewCell.h; sourceTree = "<group>"; };
		45FB30D71D95043C00766F15 /* MDTableViewCell.m */ = {isa = PBXFileReference; fileEncoding = 4; lastKnownFileType = sourcecode.c.objc; path = MDTableViewCell.m; sourceTree = "<group>"; };
		45FB30D81D95043C00766F15 /* MDCircularProgressLayer.h */ = {isa = PBXFileReference; fileEncoding = 4; lastKnownFileType = sourcecode.c.h; path = MDCircularProgressLayer.h; sourceTree = "<group>"; };
		45FB30D91D95043C00766F15 /* MDCircularProgressLayer.m */ = {isa = PBXFileReference; fileEncoding = 4; lastKnownFileType = sourcecode.c.objc; path = MDCircularProgressLayer.m; sourceTree = "<group>"; };
		45FB30DA1D95043C00766F15 /* MDLinearProgressLayer.h */ = {isa = PBXFileReference; fileEncoding = 4; lastKnownFileType = sourcecode.c.h; path = MDLinearProgressLayer.h; sourceTree = "<group>"; };
		45FB30DB1D95043C00766F15 /* MDLinearProgressLayer.m */ = {isa = PBXFileReference; fileEncoding = 4; lastKnownFileType = sourcecode.c.objc; path = MDLinearProgressLayer.m; sourceTree = "<group>"; };
		45FB30DC1D95043C00766F15 /* MDProgressLayer.h */ = {isa = PBXFileReference; fileEncoding = 4; lastKnownFileType = sourcecode.c.h; path = MDProgressLayer.h; sourceTree = "<group>"; };
		45FB30DD1D95043C00766F15 /* MDProgressLayer.m */ = {isa = PBXFileReference; fileEncoding = 4; lastKnownFileType = sourcecode.c.objc; path = MDProgressLayer.m; sourceTree = "<group>"; };
		45FB30EC1D95044B00766F15 /* RNCryptor.swift */ = {isa = PBXFileReference; fileEncoding = 4; lastKnownFileType = sourcecode.swift; path = RNCryptor.swift; sourceTree = "<group>"; };
		45FB30ED1D95044B00766F15 /* RNCryptor.h */ = {isa = PBXFileReference; fileEncoding = 4; lastKnownFileType = sourcecode.c.h; path = RNCryptor.h; sourceTree = "<group>"; };
		45FB30F01D95046F00766F15 /* DateTools.bundle */ = {isa = PBXFileReference; lastKnownFileType = "wrapper.plug-in"; path = DateTools.bundle; sourceTree = "<group>"; };
		45FB30F11D95046F00766F15 /* DateTools.h */ = {isa = PBXFileReference; fileEncoding = 4; lastKnownFileType = sourcecode.c.h; path = DateTools.h; sourceTree = "<group>"; };
		45FB30F21D95046F00766F15 /* DTConstants.h */ = {isa = PBXFileReference; fileEncoding = 4; lastKnownFileType = sourcecode.c.h; path = DTConstants.h; sourceTree = "<group>"; };
		45FB30F31D95046F00766F15 /* DTConstants.m */ = {isa = PBXFileReference; fileEncoding = 4; lastKnownFileType = sourcecode.c.objc; path = DTConstants.m; sourceTree = "<group>"; };
		45FB30F41D95046F00766F15 /* DTError.h */ = {isa = PBXFileReference; fileEncoding = 4; lastKnownFileType = sourcecode.c.h; path = DTError.h; sourceTree = "<group>"; };
		45FB30F51D95046F00766F15 /* DTError.m */ = {isa = PBXFileReference; fileEncoding = 4; lastKnownFileType = sourcecode.c.objc; path = DTError.m; sourceTree = "<group>"; };
		45FB30F61D95046F00766F15 /* DTTimePeriod.h */ = {isa = PBXFileReference; fileEncoding = 4; lastKnownFileType = sourcecode.c.h; path = DTTimePeriod.h; sourceTree = "<group>"; };
		45FB30F71D95046F00766F15 /* DTTimePeriod.m */ = {isa = PBXFileReference; fileEncoding = 4; lastKnownFileType = sourcecode.c.objc; path = DTTimePeriod.m; sourceTree = "<group>"; };
		45FB30F81D95046F00766F15 /* DTTimePeriodChain.h */ = {isa = PBXFileReference; fileEncoding = 4; lastKnownFileType = sourcecode.c.h; path = DTTimePeriodChain.h; sourceTree = "<group>"; };
		45FB30F91D95046F00766F15 /* DTTimePeriodChain.m */ = {isa = PBXFileReference; fileEncoding = 4; lastKnownFileType = sourcecode.c.objc; path = DTTimePeriodChain.m; sourceTree = "<group>"; };
		45FB30FA1D95046F00766F15 /* DTTimePeriodCollection.h */ = {isa = PBXFileReference; fileEncoding = 4; lastKnownFileType = sourcecode.c.h; path = DTTimePeriodCollection.h; sourceTree = "<group>"; };
		45FB30FB1D95046F00766F15 /* DTTimePeriodCollection.m */ = {isa = PBXFileReference; fileEncoding = 4; lastKnownFileType = sourcecode.c.objc; path = DTTimePeriodCollection.m; sourceTree = "<group>"; };
		45FB30FC1D95046F00766F15 /* DTTimePeriodGroup.h */ = {isa = PBXFileReference; fileEncoding = 4; lastKnownFileType = sourcecode.c.h; path = DTTimePeriodGroup.h; sourceTree = "<group>"; };
		45FB30FD1D95046F00766F15 /* DTTimePeriodGroup.m */ = {isa = PBXFileReference; fileEncoding = 4; lastKnownFileType = sourcecode.c.objc; path = DTTimePeriodGroup.m; sourceTree = "<group>"; };
		45FB30FE1D95046F00766F15 /* NSDate+DateTools.h */ = {isa = PBXFileReference; fileEncoding = 4; lastKnownFileType = sourcecode.c.h; path = "NSDate+DateTools.h"; sourceTree = "<group>"; };
		45FB30FF1D95046F00766F15 /* NSDate+DateTools.m */ = {isa = PBXFileReference; fileEncoding = 4; lastKnownFileType = sourcecode.c.objc; path = "NSDate+DateTools.m"; sourceTree = "<group>"; };
		45FB31001D95046F00766F15 /* NSDate+InternetDateTime.h */ = {isa = PBXFileReference; fileEncoding = 4; lastKnownFileType = sourcecode.c.h; path = "NSDate+InternetDateTime.h"; sourceTree = "<group>"; };
		45FB31011D95046F00766F15 /* NSDate+InternetDateTime.m */ = {isa = PBXFileReference; fileEncoding = 4; lastKnownFileType = sourcecode.c.objc; path = "NSDate+InternetDateTime.m"; sourceTree = "<group>"; };
		45FB310B1D95049D00766F15 /* KQData.swift */ = {isa = PBXFileReference; fileEncoding = 4; lastKnownFileType = sourcecode.swift; path = KQData.swift; sourceTree = "<group>"; };
		45FB310C1D95049D00766F15 /* KQSize.swift */ = {isa = PBXFileReference; fileEncoding = 4; lastKnownFileType = sourcecode.swift; path = KQSize.swift; sourceTree = "<group>"; };
		45FB310D1D95049D00766F15 /* KQConst.swift */ = {isa = PBXFileReference; fileEncoding = 4; lastKnownFileType = sourcecode.swift; path = KQConst.swift; sourceTree = "<group>"; };
		45FB310E1D95049D00766F15 /* Extension.swift */ = {isa = PBXFileReference; fileEncoding = 4; lastKnownFileType = sourcecode.swift; path = Extension.swift; sourceTree = "<group>"; };
		45FB310F1D95049D00766F15 /* KQFileHandle.swift */ = {isa = PBXFileReference; fileEncoding = 4; lastKnownFileType = sourcecode.swift; path = KQFileHandle.swift; sourceTree = "<group>"; };
		45FB31101D95049D00766F15 /* ObjC-Bridging-Header.h */ = {isa = PBXFileReference; fileEncoding = 4; lastKnownFileType = sourcecode.c.h; path = "ObjC-Bridging-Header.h"; sourceTree = "<group>"; };
		45FB31161D9504A400766F15 /* KQNetwork.swift */ = {isa = PBXFileReference; fileEncoding = 4; lastKnownFileType = sourcecode.swift; path = KQNetwork.swift; sourceTree = "<group>"; };
		45FB31171D9504A400766F15 /* KQShare.swift */ = {isa = PBXFileReference; fileEncoding = 4; lastKnownFileType = sourcecode.swift; path = KQShare.swift; sourceTree = "<group>"; };
		45FB31181D9504A400766F15 /* KQNotification.swift */ = {isa = PBXFileReference; fileEncoding = 4; lastKnownFileType = sourcecode.swift; path = KQNotification.swift; sourceTree = "<group>"; };
		45FB31191D9504A400766F15 /* KQConfigure.swift */ = {isa = PBXFileReference; fileEncoding = 4; lastKnownFileType = sourcecode.swift; path = KQConfigure.swift; sourceTree = "<group>"; };
		45FB311E1D9504AF00766F15 /* KQTabBarController.swift */ = {isa = PBXFileReference; fileEncoding = 4; lastKnownFileType = sourcecode.swift; path = KQTabBarController.swift; sourceTree = "<group>"; };
		45FB311F1D9504AF00766F15 /* KQNavigationController.swift */ = {isa = PBXFileReference; fileEncoding = 4; lastKnownFileType = sourcecode.swift; path = KQNavigationController.swift; sourceTree = "<group>"; };
		45FB31221D95050400766F15 /* KQMainView.swift */ = {isa = PBXFileReference; fileEncoding = 4; lastKnownFileType = sourcecode.swift; path = KQMainView.swift; sourceTree = "<group>"; };
		45FB31241D95051300766F15 /* KQAnalyseView.swift */ = {isa = PBXFileReference; fileEncoding = 4; lastKnownFileType = sourcecode.swift; path = KQAnalyseView.swift; sourceTree = "<group>"; };
		45FB31261D95052200766F15 /* KQNewsView.swift */ = {isa = PBXFileReference; fileEncoding = 4; lastKnownFileType = sourcecode.swift; path = KQNewsView.swift; sourceTree = "<group>"; };
		45FB31281D95052F00766F15 /* KQSettingView.swift */ = {isa = PBXFileReference; fileEncoding = 4; lastKnownFileType = sourcecode.swift; path = KQSettingView.swift; sourceTree = "<group>"; };
		45FB312A1D95067A00766F15 /* bar-learn.png */ = {isa = PBXFileReference; lastKnownFileType = image.png; path = "bar-learn.png"; sourceTree = "<group>"; };
		45FB312B1D95067A00766F15 /* bar-learn@2x.png */ = {isa = PBXFileReference; lastKnownFileType = image.png; path = "bar-learn@2x.png"; sourceTree = "<group>"; };
		45FB312C1D95067A00766F15 /* bar-learn@3x.png */ = {isa = PBXFileReference; lastKnownFileType = image.png; path = "bar-learn@3x.png"; sourceTree = "<group>"; };
		45FB31301D95067B00766F15 /* bar-posture.png */ = {isa = PBXFileReference; lastKnownFileType = image.png; path = "bar-posture.png"; sourceTree = "<group>"; };
		45FB31311D95067B00766F15 /* bar-posture@2x.png */ = {isa = PBXFileReference; lastKnownFileType = image.png; path = "bar-posture@2x.png"; sourceTree = "<group>"; };
		45FB31321D95067B00766F15 /* bar-posture@3x.png */ = {isa = PBXFileReference; lastKnownFileType = image.png; path = "bar-posture@3x.png"; sourceTree = "<group>"; };
		45FB31341D95067B00766F15 /* icon-setting.png */ = {isa = PBXFileReference; lastKnownFileType = image.png; path = "icon-setting.png"; sourceTree = "<group>"; };
		45FB31351D95067B00766F15 /* icon-setting@2x.png */ = {isa = PBXFileReference; lastKnownFileType = image.png; path = "icon-setting@2x.png"; sourceTree = "<group>"; };
		45FB31361D95067B00766F15 /* icon-setting@3x.png */ = {isa = PBXFileReference; lastKnownFileType = image.png; path = "icon-setting@3x.png"; sourceTree = "<group>"; };
		45FB315C1D950C2400766F15 /* KQErrorCell.swift */ = {isa = PBXFileReference; fileEncoding = 4; lastKnownFileType = sourcecode.swift; path = KQErrorCell.swift; sourceTree = "<group>"; };
		45FB315E1D950E0500766F15 /* KQErrorView.swift */ = {isa = PBXFileReference; fileEncoding = 4; lastKnownFileType = sourcecode.swift; path = KQErrorView.swift; sourceTree = "<group>"; };
		45FB31601D951C5500766F15 /* KQSettingCell.swift */ = {isa = PBXFileReference; fileEncoding = 4; lastKnownFileType = sourcecode.swift; path = KQSettingCell.swift; sourceTree = "<group>"; };
		45FB31621D951F1000766F15 /* KQNewsCell.swift */ = {isa = PBXFileReference; fileEncoding = 4; lastKnownFileType = sourcecode.swift; path = KQNewsCell.swift; sourceTree = "<group>"; };
		45FB31641D95247000766F15 /* KQSolutionView.swift */ = {isa = PBXFileReference; fileEncoding = 4; lastKnownFileType = sourcecode.swift; path = KQSolutionView.swift; sourceTree = "<group>"; };
		45FB31661D95250800766F15 /* KQSearchBar.swift */ = {isa = PBXFileReference; fileEncoding = 4; lastKnownFileType = sourcecode.swift; path = KQSearchBar.swift; sourceTree = "<group>"; };
		45FB31671D95250800766F15 /* KQSearchController.swift */ = {isa = PBXFileReference; fileEncoding = 4; lastKnownFileType = sourcecode.swift; path = KQSearchController.swift; sourceTree = "<group>"; };
		45FB316A1D9525EB00766F15 /* KQSolution.swift */ = {isa = PBXFileReference; fileEncoding = 4; lastKnownFileType = sourcecode.swift; path = KQSolution.swift; sourceTree = "<group>"; };
		45FB316C1D9526FB00766F15 /* KQSolutionCell.swift */ = {isa = PBXFileReference; fileEncoding = 4; lastKnownFileType = sourcecode.swift; path = KQSolutionCell.swift; sourceTree = "<group>"; };
		45FB316E1D9565B200766F15 /* icon-512.png */ = {isa = PBXFileReference; lastKnownFileType = image.png; path = "icon-512.png"; sourceTree = "<group>"; };
		45FB31701D9566C500766F15 /* KQPouletRequest.swift */ = {isa = PBXFileReference; fileEncoding = 4; lastKnownFileType = sourcecode.swift; path = KQPouletRequest.swift; sourceTree = "<group>"; };
		45FB31721D9566D600766F15 /* KQPouletServer.swift */ = {isa = PBXFileReference; fileEncoding = 4; lastKnownFileType = sourcecode.swift; path = KQPouletServer.swift; sourceTree = "<group>"; };
		45FB31741D95709E00766F15 /* bar-home.png */ = {isa = PBXFileReference; lastKnownFileType = image.png; path = "bar-home.png"; sourceTree = "<group>"; };
		45FB31751D95709E00766F15 /* bar-home@2x.png */ = {isa = PBXFileReference; lastKnownFileType = image.png; path = "bar-home@2x.png"; sourceTree = "<group>"; };
		45FB31761D95709E00766F15 /* bar-home@3x.png */ = {isa = PBXFileReference; lastKnownFileType = image.png; path = "bar-home@3x.png"; sourceTree = "<group>"; };
		45FB317A1D9570BF00766F15 /* bar-home-selected.png */ = {isa = PBXFileReference; lastKnownFileType = image.png; path = "bar-home-selected.png"; sourceTree = "<group>"; };
		45FB317B1D9570BF00766F15 /* bar-home-selected@2x.png */ = {isa = PBXFileReference; lastKnownFileType = image.png; path = "bar-home-selected@2x.png"; sourceTree = "<group>"; };
		45FB317C1D9570BF00766F15 /* bar-home-selected@3x.png */ = {isa = PBXFileReference; lastKnownFileType = image.png; path = "bar-home-selected@3x.png"; sourceTree = "<group>"; };
		45FB31801D95719B00766F15 /* bar-learn-selected.png */ = {isa = PBXFileReference; lastKnownFileType = image.png; path = "bar-learn-selected.png"; sourceTree = "<group>"; };
		45FB31811D95719B00766F15 /* bar-learn-selected@2x.png */ = {isa = PBXFileReference; lastKnownFileType = image.png; path = "bar-learn-selected@2x.png"; sourceTree = "<group>"; };
		45FB31821D95719B00766F15 /* bar-learn-selected@3x.png */ = {isa = PBXFileReference; lastKnownFileType = image.png; path = "bar-learn-selected@3x.png"; sourceTree = "<group>"; };
		45FB31831D95719B00766F15 /* bar-posture-selected.png */ = {isa = PBXFileReference; lastKnownFileType = image.png; path = "bar-posture-selected.png"; sourceTree = "<group>"; };
		45FB31841D95719B00766F15 /* bar-posture-selected@2x.png */ = {isa = PBXFileReference; lastKnownFileType = image.png; path = "bar-posture-selected@2x.png"; sourceTree = "<group>"; };
		45FB31851D95719B00766F15 /* bar-posture-selected@3x.png */ = {isa = PBXFileReference; lastKnownFileType = image.png; path = "bar-posture-selected@3x.png"; sourceTree = "<group>"; };
		45FB31861D95719B00766F15 /* icon-setting-selected.png */ = {isa = PBXFileReference; lastKnownFileType = image.png; path = "icon-setting-selected.png"; sourceTree = "<group>"; };
		45FB31871D95719B00766F15 /* icon-setting-selected@2x.png */ = {isa = PBXFileReference; lastKnownFileType = image.png; path = "icon-setting-selected@2x.png"; sourceTree = "<group>"; };
		45FB31881D95719B00766F15 /* icon-setting-selected@3x.png */ = {isa = PBXFileReference; lastKnownFileType = image.png; path = "icon-setting-selected@3x.png"; sourceTree = "<group>"; };
		45FB31921D95726000766F15 /* icon-logo.png */ = {isa = PBXFileReference; lastKnownFileType = image.png; path = "icon-logo.png"; sourceTree = "<group>"; };
		45FB31931D95726000766F15 /* icon-logo@2x.png */ = {isa = PBXFileReference; lastKnownFileType = image.png; path = "icon-logo@2x.png"; sourceTree = "<group>"; };
		45FB31941D95726000766F15 /* icon-logo@3x.png */ = {isa = PBXFileReference; lastKnownFileType = image.png; path = "icon-logo@3x.png"; sourceTree = "<group>"; };
		45FB31981D95731100766F15 /* back-button.png */ = {isa = PBXFileReference; lastKnownFileType = image.png; path = "back-button.png"; sourceTree = "<group>"; };
		45FB31991D95731100766F15 /* back-button@2x.png */ = {isa = PBXFileReference; lastKnownFileType = image.png; path = "back-button@2x.png"; sourceTree = "<group>"; };
		45FB319A1D95731100766F15 /* back-button@3x.png */ = {isa = PBXFileReference; lastKnownFileType = image.png; path = "back-button@3x.png"; sourceTree = "<group>"; };
		45FB319E1D95735100766F15 /* icon-link.png */ = {isa = PBXFileReference; lastKnownFileType = image.png; path = "icon-link.png"; sourceTree = "<group>"; };
		45FB319F1D95735100766F15 /* icon-link@2x.png */ = {isa = PBXFileReference; lastKnownFileType = image.png; path = "icon-link@2x.png"; sourceTree = "<group>"; };
		45FB31A01D95735100766F15 /* icon-link@3x.png */ = {isa = PBXFileReference; lastKnownFileType = image.png; path = "icon-link@3x.png"; sourceTree = "<group>"; };
		45FB31A41D9573DB00766F15 /* KQLinkPopup.swift */ = {isa = PBXFileReference; fileEncoding = 4; lastKnownFileType = sourcecode.swift; path = KQLinkPopup.swift; sourceTree = "<group>"; };
		45FB31A61D9574F900766F15 /* icon-web.png */ = {isa = PBXFileReference; lastKnownFileType = image.png; path = "icon-web.png"; sourceTree = "<group>"; };
		45FB31A71D9574F900766F15 /* icon-web@2x.png */ = {isa = PBXFileReference; lastKnownFileType = image.png; path = "icon-web@2x.png"; sourceTree = "<group>"; };
		45FB31A81D9574F900766F15 /* icon-web@3x.png */ = {isa = PBXFileReference; lastKnownFileType = image.png; path = "icon-web@3x.png"; sourceTree = "<group>"; };
		45FB31AC1D9575DD00766F15 /* KQLogView.swift */ = {isa = PBXFileReference; fileEncoding = 4; lastKnownFileType = sourcecode.swift; path = KQLogView.swift; sourceTree = "<group>"; };
		45FB31AE1D957B4F00766F15 /* listError.json */ = {isa = PBXFileReference; fileEncoding = 4; lastKnownFileType = text.json; path = listError.json; sourceTree = "<group>"; };
		45FB31B01D95821A00766F15 /* KQSolutionAnalyseView.swift */ = {isa = PBXFileReference; fileEncoding = 4; lastKnownFileType = sourcecode.swift; path = KQSolutionAnalyseView.swift; sourceTree = "<group>"; };
		45FB31B21D95829D00766F15 /* KQIndicatorView.swift */ = {isa = PBXFileReference; fileEncoding = 4; lastKnownFileType = sourcecode.swift; path = KQIndicatorView.swift; sourceTree = "<group>"; };
		685768F8374C09AAEFCE6299 /* Pods-iPoulet.debug.xcconfig */ = {isa = PBXFileReference; includeInIndex = 1; lastKnownFileType = text.xcconfig; name = "Pods-iPoulet.debug.xcconfig"; path = "Pods/Target Support Files/Pods-iPoulet/Pods-iPoulet.debug.xcconfig"; sourceTree = "<group>"; };
		90565D667B04C5656D892F36 /* Pods_iPoulet.framework */ = {isa = PBXFileReference; explicitFileType = wrapper.framework; includeInIndex = 0; path = Pods_iPoulet.framework; sourceTree = BUILT_PRODUCTS_DIR; };
/* End PBXFileReference section */

/* Begin PBXFrameworksBuildPhase section */
		45FB30981D94DFFB00766F15 /* Frameworks */ = {
			isa = PBXFrameworksBuildPhase;
			buildActionMask = 2147483647;
			files = (
				A4BB8AD9C75867ABFAEFEF95 /* Pods_iPoulet.framework in Frameworks */,
			);
			runOnlyForDeploymentPostprocessing = 0;
		};
/* End PBXFrameworksBuildPhase section */

/* Begin PBXGroup section */
		45FB30921D94DFFB00766F15 = {
			isa = PBXGroup;
			children = (
				45FB309D1D94DFFB00766F15 /* iPoulet */,
				45FB309C1D94DFFB00766F15 /* Products */,
				EA2650D725736A1B5AEDE5E5 /* Pods */,
				B4BC91487085CB12C0A40738 /* Frameworks */,
			);
			sourceTree = "<group>";
		};
		45FB309C1D94DFFB00766F15 /* Products */ = {
			isa = PBXGroup;
			children = (
				45FB309B1D94DFFB00766F15 /* iPoulet.app */,
			);
			name = Products;
			sourceTree = "<group>";
		};
		45FB309D1D94DFFB00766F15 /* iPoulet */ = {
			isa = PBXGroup;
			children = (
				45FB30B61D9503C600766F15 /* image */,
				45FB30B51D9503BE00766F15 /* default */,
				45FB30B41D9503B600766F15 /* view */,
				45FB30B31D9503B000766F15 /* model */,
				45FB30B21D9503A900766F15 /* logic */,
				45FB30B11D9503A200766F15 /* data */,
				45FB30B01D95039200766F15 /* lib */,
			);
			path = iPoulet;
			sourceTree = "<group>";
		};
		45FB30B01D95039200766F15 /* lib */ = {
			isa = PBXGroup;
			children = (
				45FB30EF1D95046800766F15 /* NSDate+InternetDateTime */,
				45FB30EB1D95044400766F15 /* RNCryptor */,
				45FB30C21D95043100766F15 /* MDControl */,
				45FB30BF1D95042000766F15 /* LocalNotificationHelper */,
				45FB30B81D9503F200766F15 /* Reachability */,
				45FB30B71D9503EB00766F15 /* Chameleon */,
			);
			name = lib;
			sourceTree = "<group>";
		};
		45FB30B11D9503A200766F15 /* data */ = {
			isa = PBXGroup;
			children = (
				45FB310B1D95049D00766F15 /* KQData.swift */,
				45FB310C1D95049D00766F15 /* KQSize.swift */,
				45FB310D1D95049D00766F15 /* KQConst.swift */,
				45FB310E1D95049D00766F15 /* Extension.swift */,
				45FB310F1D95049D00766F15 /* KQFileHandle.swift */,
				45FB31101D95049D00766F15 /* ObjC-Bridging-Header.h */,
				45FB31AE1D957B4F00766F15 /* listError.json */,
				455314C81D9612B400C9F5D7 /* listProvider.json */,
			);
			name = data;
			sourceTree = "<group>";
		};
		45FB30B21D9503A900766F15 /* logic */ = {
			isa = PBXGroup;
			children = (
				45FB31161D9504A400766F15 /* KQNetwork.swift */,
				45FB31171D9504A400766F15 /* KQShare.swift */,
				45FB31181D9504A400766F15 /* KQNotification.swift */,
				45FB31191D9504A400766F15 /* KQConfigure.swift */,
				45FB31701D9566C500766F15 /* KQPouletRequest.swift */,
				45FB31721D9566D600766F15 /* KQPouletServer.swift */,
			);
			name = logic;
			sourceTree = "<group>";
		};
		45FB30B31D9503B000766F15 /* model */ = {
			isa = PBXGroup;
			children = (
				45FB311E1D9504AF00766F15 /* KQTabBarController.swift */,
				45FB31661D95250800766F15 /* KQSearchBar.swift */,
				45FB31671D95250800766F15 /* KQSearchController.swift */,
				45FB311F1D9504AF00766F15 /* KQNavigationController.swift */,
				45FB31B21D95829D00766F15 /* KQIndicatorView.swift */,
				45FB315C1D950C2400766F15 /* KQErrorCell.swift */,
				45FB315E1D950E0500766F15 /* KQErrorView.swift */,
				45FB31601D951C5500766F15 /* KQSettingCell.swift */,
				45FB31621D951F1000766F15 /* KQNewsCell.swift */,
				45FB316A1D9525EB00766F15 /* KQSolution.swift */,
				45FB316C1D9526FB00766F15 /* KQSolutionCell.swift */,
				45FB31A41D9573DB00766F15 /* KQLinkPopup.swift */,
				455314B01D9609EE00C9F5D7 /* KQProviderCell.swift */,
				455314C61D960EB200C9F5D7 /* KQProvider.swift */,
				455314D61D965EF300C9F5D7 /* KQStatusView.swift */,
				455315141D96CB9900C9F5D7 /* KQSolutionPopup.swift */,
			);
			name = model;
			sourceTree = "<group>";
		};
		45FB30B41D9503B600766F15 /* view */ = {
			isa = PBXGroup;
			children = (
				45FB31221D95050400766F15 /* KQMainView.swift */,
				45FB31AC1D9575DD00766F15 /* KQLogView.swift */,
				45FB31241D95051300766F15 /* KQAnalyseView.swift */,
				45FB31261D95052200766F15 /* KQNewsView.swift */,
				45FB31641D95247000766F15 /* KQSolutionView.swift */,
				45FB31B01D95821A00766F15 /* KQSolutionAnalyseView.swift */,
				455314AE1D9607F300C9F5D7 /* KQRankView.swift */,
				45FB31281D95052F00766F15 /* KQSettingView.swift */,
			);
			name = view;
			sourceTree = "<group>";
		};
		45FB30B51D9503BE00766F15 /* default */ = {
			isa = PBXGroup;
			children = (
				45FB309E1D94DFFB00766F15 /* AppDelegate.swift */,
				45FB30A21D94DFFB00766F15 /* Main.storyboard */,
				45FB30A51D94DFFB00766F15 /* Assets.xcassets */,
				45FB30A71D94DFFB00766F15 /* LaunchScreen.storyboard */,
				45FB30AA1D94DFFB00766F15 /* Info.plist */,
			);
			name = default;
			sourceTree = "<group>";
		};
		45FB30B61D9503C600766F15 /* image */ = {
			isa = PBXGroup;
			children = (
				4553150E1D96C9F900C9F5D7 /* icon-website.png */,
				4553150F1D96C9F900C9F5D7 /* icon-website@2x.png */,
				455315101D96C9F900C9F5D7 /* icon-website@3x.png */,
				455315081D96C8A900C9F5D7 /* icon-normal.png */,
				455315091D96C8A900C9F5D7 /* icon-normal@2x.png */,
				4553150A1D96C8A900C9F5D7 /* icon-normal@3x.png */,
				455314D81D96652800C9F5D7 /* icon-status.png */,
				455314D91D96652800C9F5D7 /* icon-status@2x.png */,
				455314DA1D96652800C9F5D7 /* icon-status@3x.png */,
				45FB317A1D9570BF00766F15 /* bar-home-selected.png */,
				45FB317B1D9570BF00766F15 /* bar-home-selected@2x.png */,
				45FB317C1D9570BF00766F15 /* bar-home-selected@3x.png */,
				45FB31741D95709E00766F15 /* bar-home.png */,
				45FB31751D95709E00766F15 /* bar-home@2x.png */,
				45FB31761D95709E00766F15 /* bar-home@3x.png */,
				45FB316E1D9565B200766F15 /* icon-512.png */,
				45FB312A1D95067A00766F15 /* bar-learn.png */,
				45FB312B1D95067A00766F15 /* bar-learn@2x.png */,
				45FB312C1D95067A00766F15 /* bar-learn@3x.png */,
				45FB31301D95067B00766F15 /* bar-posture.png */,
				45FB31311D95067B00766F15 /* bar-posture@2x.png */,
				45FB31321D95067B00766F15 /* bar-posture@3x.png */,
				45FB31341D95067B00766F15 /* icon-setting.png */,
				45FB31351D95067B00766F15 /* icon-setting@2x.png */,
				45FB31361D95067B00766F15 /* icon-setting@3x.png */,
				45FB31801D95719B00766F15 /* bar-learn-selected.png */,
				45FB31811D95719B00766F15 /* bar-learn-selected@2x.png */,
				45FB31821D95719B00766F15 /* bar-learn-selected@3x.png */,
				45FB31831D95719B00766F15 /* bar-posture-selected.png */,
				45FB31841D95719B00766F15 /* bar-posture-selected@2x.png */,
				45FB31851D95719B00766F15 /* bar-posture-selected@3x.png */,
				45FB31861D95719B00766F15 /* icon-setting-selected.png */,
				45FB31871D95719B00766F15 /* icon-setting-selected@2x.png */,
				45FB31881D95719B00766F15 /* icon-setting-selected@3x.png */,
				45FB31921D95726000766F15 /* icon-logo.png */,
				45FB31931D95726000766F15 /* icon-logo@2x.png */,
				45FB31941D95726000766F15 /* icon-logo@3x.png */,
				45FB31981D95731100766F15 /* back-button.png */,
				45FB31991D95731100766F15 /* back-button@2x.png */,
				45FB319A1D95731100766F15 /* back-button@3x.png */,
				45FB319E1D95735100766F15 /* icon-link.png */,
				45FB319F1D95735100766F15 /* icon-link@2x.png */,
				45FB31A01D95735100766F15 /* icon-link@3x.png */,
				45FB31A61D9574F900766F15 /* icon-web.png */,
				45FB31A71D9574F900766F15 /* icon-web@2x.png */,
				45FB31A81D9574F900766F15 /* icon-web@3x.png */,
				455314B21D960D8400C9F5D7 /* icon-site-0.png */,
				455314B31D960D8400C9F5D7 /* icon-site-1.png */,
				455314B41D960D8400C9F5D7 /* icon-site-2.png */,
				455314B51D960D8400C9F5D7 /* icon-site-3.png */,
				455314B61D960D8400C9F5D7 /* icon-site-4.png */,
				455314B71D960D8400C9F5D7 /* icon-site-5.png */,
				455314B81D960D8400C9F5D7 /* icon-site-6.png */,
				455314C01D960E5500C9F5D7 /* icon-site-9.png */,
				455314C11D960E5500C9F5D7 /* icon-site-8.png */,
				455314C21D960E5500C9F5D7 /* icon-site-7.png */,
				455314CA1D96343D00C9F5D7 /* bar-rank-selected.png */,
				455314CB1D96343D00C9F5D7 /* bar-rank-selected@2x.png */,
				455314CC1D96343D00C9F5D7 /* bar-rank-selected@3x.png */,
				455314CD1D96343D00C9F5D7 /* bar-rank.png */,
				455314CE1D96343D00C9F5D7 /* bar-rank@2x.png */,
				455314CF1D96343D00C9F5D7 /* bar-rank@3x.png */,
				455314DE1D96697500C9F5D7 /* icon-status-wrong.png */,
				455314DF1D96697500C9F5D7 /* icon-status-wrong@2x.png */,
				455314E01D96697500C9F5D7 /* icon-status-wrong@3x.png */,
				455314E41D96C58C00C9F5D7 /* icon-calendar.png */,
				455314E51D96C58C00C9F5D7 /* icon-calendar@2x.png */,
				455314E61D96C58C00C9F5D7 /* icon-calendar@3x.png */,
				455314E71D96C58C00C9F5D7 /* icon-noti.png */,
				455314E81D96C58C00C9F5D7 /* icon-noti@2x.png */,
				455314E91D96C58C00C9F5D7 /* icon-noti@3x.png */,
				455314EA1D96C58C00C9F5D7 /* icon-service.png */,
				455314EB1D96C58C00C9F5D7 /* icon-service@2x.png */,
				455314EC1D96C58C00C9F5D7 /* icon-service@3x.png */,
				455314ED1D96C58C00C9F5D7 /* icon-team.png */,
				455314EE1D96C58C00C9F5D7 /* icon-team@2x.png */,
				455314EF1D96C58C00C9F5D7 /* icon-team@3x.png */,
				4553151C1D96D1F000C9F5D7 /* icon-hack.png */,
				4553151D1D96D1F000C9F5D7 /* icon-hack@2x.png */,
				4553151E1D96D1F000C9F5D7 /* icon-hack@3x.png */,
			);
			name = image;
			sourceTree = "<group>";
		};
		45FB30B71D9503EB00766F15 /* Chameleon */ = {
			isa = PBXGroup;
			children = (
				45FB30BA1D95041100766F15 /* UIColor+Chameleon.h */,
				45FB30BB1D95041100766F15 /* UIColor+Chameleon.m */,
			);
			name = Chameleon;
			sourceTree = "<group>";
		};
		45FB30B81D9503F200766F15 /* Reachability */ = {
			isa = PBXGroup;
			children = (
				45FB30BD1D95041900766F15 /* Reachability.swift */,
			);
			name = Reachability;
			sourceTree = "<group>";
		};
		45FB30BF1D95042000766F15 /* LocalNotificationHelper */ = {
			isa = PBXGroup;
			children = (
				45FB30C01D95042700766F15 /* LocalNotificationHelper.swift */,
			);
			name = LocalNotificationHelper;
			sourceTree = "<group>";
		};
		45FB30C21D95043100766F15 /* MDControl */ = {
			isa = PBXGroup;
			children = (
				45FB30C31D95043C00766F15 /* MDProgress.h */,
				45FB30C41D95043C00766F15 /* MDProgress.m */,
				45FB30C51D95043C00766F15 /* MDToast.h */,
				45FB30C61D95043C00766F15 /* MDToast.m */,
				45FB30C71D95043C00766F15 /* MDConstants.h */,
				45FB30C81D95043C00766F15 /* MDButton.h */,
				45FB30C91D95043C00766F15 /* MDButton.m */,
				45FB30CA1D95043C00766F15 /* MDRippleLayer.h */,
				45FB30CB1D95043C00766F15 /* MDRippleLayer.m */,
				45FB30CC1D95043C00766F15 /* UIColorHelper.h */,
				45FB30CD1D95043C00766F15 /* UIColorHelper.m */,
				45FB30CE1D95043C00766F15 /* MDTouchGestureRecognizer.h */,
				45FB30CF1D95043C00766F15 /* MDTouchGestureRecognizer.m */,
				45FB30D01D95043C00766F15 /* UIViewHelper.h */,
				45FB30D11D95043C00766F15 /* UIViewHelper.m */,
				45FB30D21D95043C00766F15 /* UIFontHelper.h */,
				45FB30D31D95043C00766F15 /* UIFontHelper.m */,
				45FB30D41D95043C00766F15 /* MDDeviceHelper.h */,
				45FB30D51D95043C00766F15 /* MDDeviceHelper.m */,
				45FB30D61D95043C00766F15 /* MDTableViewCell.h */,
				45FB30D71D95043C00766F15 /* MDTableViewCell.m */,
				45FB30D81D95043C00766F15 /* MDCircularProgressLayer.h */,
				45FB30D91D95043C00766F15 /* MDCircularProgressLayer.m */,
				45FB30DA1D95043C00766F15 /* MDLinearProgressLayer.h */,
				45FB30DB1D95043C00766F15 /* MDLinearProgressLayer.m */,
				45FB30DC1D95043C00766F15 /* MDProgressLayer.h */,
				45FB30DD1D95043C00766F15 /* MDProgressLayer.m */,
			);
			name = MDControl;
			sourceTree = "<group>";
		};
		45FB30EB1D95044400766F15 /* RNCryptor */ = {
			isa = PBXGroup;
			children = (
				45FB30EC1D95044B00766F15 /* RNCryptor.swift */,
				45FB30ED1D95044B00766F15 /* RNCryptor.h */,
			);
			name = RNCryptor;
			sourceTree = "<group>";
		};
		45FB30EF1D95046800766F15 /* NSDate+InternetDateTime */ = {
			isa = PBXGroup;
			children = (
				45FB30F01D95046F00766F15 /* DateTools.bundle */,
				45FB30F11D95046F00766F15 /* DateTools.h */,
				45FB30F21D95046F00766F15 /* DTConstants.h */,
				45FB30F31D95046F00766F15 /* DTConstants.m */,
				45FB30F41D95046F00766F15 /* DTError.h */,
				45FB30F51D95046F00766F15 /* DTError.m */,
				45FB30F61D95046F00766F15 /* DTTimePeriod.h */,
				45FB30F71D95046F00766F15 /* DTTimePeriod.m */,
				45FB30F81D95046F00766F15 /* DTTimePeriodChain.h */,
				45FB30F91D95046F00766F15 /* DTTimePeriodChain.m */,
				45FB30FA1D95046F00766F15 /* DTTimePeriodCollection.h */,
				45FB30FB1D95046F00766F15 /* DTTimePeriodCollection.m */,
				45FB30FC1D95046F00766F15 /* DTTimePeriodGroup.h */,
				45FB30FD1D95046F00766F15 /* DTTimePeriodGroup.m */,
				45FB30FE1D95046F00766F15 /* NSDate+DateTools.h */,
				45FB30FF1D95046F00766F15 /* NSDate+DateTools.m */,
				45FB31001D95046F00766F15 /* NSDate+InternetDateTime.h */,
				45FB31011D95046F00766F15 /* NSDate+InternetDateTime.m */,
			);
			name = "NSDate+InternetDateTime";
			sourceTree = "<group>";
		};
		B4BC91487085CB12C0A40738 /* Frameworks */ = {
			isa = PBXGroup;
			children = (
				90565D667B04C5656D892F36 /* Pods_iPoulet.framework */,
			);
			name = Frameworks;
			sourceTree = "<group>";
		};
		EA2650D725736A1B5AEDE5E5 /* Pods */ = {
			isa = PBXGroup;
			children = (
				685768F8374C09AAEFCE6299 /* Pods-iPoulet.debug.xcconfig */,
				02228E86BB99892CB44C0FAE /* Pods-iPoulet.release.xcconfig */,
			);
			name = Pods;
			sourceTree = "<group>";
		};
/* End PBXGroup section */

/* Begin PBXNativeTarget section */
		45FB309A1D94DFFB00766F15 /* iPoulet */ = {
			isa = PBXNativeTarget;
			buildConfigurationList = 45FB30AD1D94DFFB00766F15 /* Build configuration list for PBXNativeTarget "iPoulet" */;
			buildPhases = (
				ACB2D480C7032E12FB538F40 /* [CP] Check Pods Manifest.lock */,
				45FB30971D94DFFB00766F15 /* Sources */,
				45FB30981D94DFFB00766F15 /* Frameworks */,
				45FB30991D94DFFB00766F15 /* Resources */,
				FFD5A5B31077AAFB241485FF /* [CP] Embed Pods Frameworks */,
				093A95E1AA404A67486406F5 /* [CP] Copy Pods Resources */,
			);
			buildRules = (
			);
			dependencies = (
			);
			name = iPoulet;
			productName = iPoulet;
			productReference = 45FB309B1D94DFFB00766F15 /* iPoulet.app */;
			productType = "com.apple.product-type.application";
		};
/* End PBXNativeTarget section */

/* Begin PBXProject section */
		45FB30931D94DFFB00766F15 /* Project object */ = {
			isa = PBXProject;
			attributes = {
				LastSwiftUpdateCheck = 0730;
				LastUpgradeCheck = 0730;
				ORGANIZATIONNAME = "Quoc Khai";
				TargetAttributes = {
					45FB309A1D94DFFB00766F15 = {
						CreatedOnToolsVersion = 7.3.1;
					};
				};
			};
			buildConfigurationList = 45FB30961D94DFFB00766F15 /* Build configuration list for PBXProject "iPoulet" */;
			compatibilityVersion = "Xcode 3.2";
			developmentRegion = English;
			hasScannedForEncodings = 0;
			knownRegions = (
				en,
				Base,
			);
			mainGroup = 45FB30921D94DFFB00766F15;
			productRefGroup = 45FB309C1D94DFFB00766F15 /* Products */;
			projectDirPath = "";
			projectRoot = "";
			targets = (
				45FB309A1D94DFFB00766F15 /* iPoulet */,
			);
		};
/* End PBXProject section */

/* Begin PBXResourcesBuildPhase section */
		45FB30991D94DFFB00766F15 /* Resources */ = {
			isa = PBXResourcesBuildPhase;
			buildActionMask = 2147483647;
			files = (
				455314BF1D960D8400C9F5D7 /* icon-site-6.png in Resources */,
				455314DC1D96652800C9F5D7 /* icon-status@2x.png in Resources */,
				455314F91D96C58C00C9F5D7 /* icon-service.png in Resources */,
				45FB30A91D94DFFB00766F15 /* LaunchScreen.storyboard in Resources */,
				45FB30A61D94DFFB00766F15 /* Assets.xcassets in Resources */,
				455314B91D960D8400C9F5D7 /* icon-site-0.png in Resources */,
				4553150D1D96C8A900C9F5D7 /* icon-normal@3x.png in Resources */,
				4553150B1D96C8A900C9F5D7 /* icon-normal.png in Resources */,
				45FB31AB1D9574F900766F15 /* icon-web@3x.png in Resources */,
				455315121D96C9F900C9F5D7 /* icon-website@2x.png in Resources */,
				45FB31A91D9574F900766F15 /* icon-web.png in Resources */,
				45FB31A31D95735100766F15 /* icon-link@3x.png in Resources */,
				4553150C1D96C8A900C9F5D7 /* icon-normal@2x.png in Resources */,
				455314F61D96C58C00C9F5D7 /* icon-noti.png in Resources */,
				455314E31D96697500C9F5D7 /* icon-status-wrong@3x.png in Resources */,
				45FB318D1D95719B00766F15 /* bar-posture-selected@2x.png in Resources */,
				455314E21D96697500C9F5D7 /* icon-status-wrong@2x.png in Resources */,
				45FB31AF1D957B4F00766F15 /* listError.json in Resources */,
				455315131D96C9F900C9F5D7 /* icon-website@3x.png in Resources */,
				455314FD1D96C58C00C9F5D7 /* icon-team@2x.png in Resources */,
				45FB317E1D9570BF00766F15 /* bar-home-selected@2x.png in Resources */,
				455314D01D96343D00C9F5D7 /* bar-rank-selected.png in Resources */,
				455314F31D96C58C00C9F5D7 /* icon-calendar.png in Resources */,
				455314F81D96C58C00C9F5D7 /* icon-noti@3x.png in Resources */,
				45FB313F1D95067B00766F15 /* bar-posture@3x.png in Resources */,
				45FB31391D95067B00766F15 /* bar-learn@3x.png in Resources */,
				45FB318C1D95719B00766F15 /* bar-posture-selected.png in Resources */,
				45FB319D1D95731100766F15 /* back-button@3x.png in Resources */,
				455314FA1D96C58C00C9F5D7 /* icon-service@2x.png in Resources */,
				455314BB1D960D8400C9F5D7 /* icon-site-2.png in Resources */,
				45FB319C1D95731100766F15 /* back-button@2x.png in Resources */,
				455315211D96D1F000C9F5D7 /* icon-hack@3x.png in Resources */,
				45FB318F1D95719B00766F15 /* icon-setting-selected.png in Resources */,
				455315111D96C9F900C9F5D7 /* icon-website.png in Resources */,
				45FB31771D95709E00766F15 /* bar-home.png in Resources */,
				45FB31951D95726000766F15 /* icon-logo.png in Resources */,
				455314C41D960E5500C9F5D7 /* icon-site-8.png in Resources */,
				45FB31A11D95735100766F15 /* icon-link.png in Resources */,
				45FB316F1D9565B200766F15 /* icon-512.png in Resources */,
				455314C31D960E5500C9F5D7 /* icon-site-9.png in Resources */,
				45FB319B1D95731100766F15 /* back-button.png in Resources */,
				455314E11D96697500C9F5D7 /* icon-status-wrong.png in Resources */,
				45FB31961D95726000766F15 /* icon-logo@2x.png in Resources */,
				455314D21D96343D00C9F5D7 /* bar-rank-selected@3x.png in Resources */,
				45FB31421D95067B00766F15 /* icon-setting@2x.png in Resources */,
				45FB313E1D95067B00766F15 /* bar-posture@2x.png in Resources */,
				455314F71D96C58C00C9F5D7 /* icon-noti@2x.png in Resources */,
				45FB31781D95709E00766F15 /* bar-home@2x.png in Resources */,
				45FB318A1D95719B00766F15 /* bar-learn-selected@2x.png in Resources */,
				455314D31D96343D00C9F5D7 /* bar-rank.png in Resources */,
				455314C91D9612B400C9F5D7 /* listProvider.json in Resources */,
				45FB317F1D9570BF00766F15 /* bar-home-selected@3x.png in Resources */,
				455314BC1D960D8400C9F5D7 /* icon-site-3.png in Resources */,
				45FB318B1D95719B00766F15 /* bar-learn-selected@3x.png in Resources */,
				455314BA1D960D8400C9F5D7 /* icon-site-1.png in Resources */,
				455314FE1D96C58C00C9F5D7 /* icon-team@3x.png in Resources */,
				455314F51D96C58C00C9F5D7 /* icon-calendar@3x.png in Resources */,
				45FB31AA1D9574F900766F15 /* icon-web@2x.png in Resources */,
				455314BE1D960D8400C9F5D7 /* icon-site-5.png in Resources */,
				45FB30A41D94DFFB00766F15 /* Main.storyboard in Resources */,
				45FB31A21D95735100766F15 /* icon-link@2x.png in Resources */,
				45FB31021D95046F00766F15 /* DateTools.bundle in Resources */,
				45FB318E1D95719B00766F15 /* bar-posture-selected@3x.png in Resources */,
				45FB31971D95726000766F15 /* icon-logo@3x.png in Resources */,
				45FB31901D95719B00766F15 /* icon-setting-selected@2x.png in Resources */,
				455314DD1D96652800C9F5D7 /* icon-status@3x.png in Resources */,
				4553151F1D96D1F000C9F5D7 /* icon-hack.png in Resources */,
				45FB31431D95067B00766F15 /* icon-setting@3x.png in Resources */,
				455314F41D96C58C00C9F5D7 /* icon-calendar@2x.png in Resources */,
				455314FC1D96C58C00C9F5D7 /* icon-team.png in Resources */,
				45FB313D1D95067B00766F15 /* bar-posture.png in Resources */,
				45FB31371D95067B00766F15 /* bar-learn.png in Resources */,
				455314D41D96343D00C9F5D7 /* bar-rank@2x.png in Resources */,
				45FB31791D95709E00766F15 /* bar-home@3x.png in Resources */,
				455314C51D960E5500C9F5D7 /* icon-site-7.png in Resources */,
				455314FB1D96C58C00C9F5D7 /* icon-service@3x.png in Resources */,
				45FB31411D95067B00766F15 /* icon-setting.png in Resources */,
				455314BD1D960D8400C9F5D7 /* icon-site-4.png in Resources */,
				455314D11D96343D00C9F5D7 /* bar-rank-selected@2x.png in Resources */,
				45FB31911D95719B00766F15 /* icon-setting-selected@3x.png in Resources */,
				45FB317D1D9570BF00766F15 /* bar-home-selected.png in Resources */,
				455314DB1D96652800C9F5D7 /* icon-status.png in Resources */,
				45FB31381D95067B00766F15 /* bar-learn@2x.png in Resources */,
				45FB31891D95719B00766F15 /* bar-learn-selected.png in Resources */,
				455314D51D96343D00C9F5D7 /* bar-rank@3x.png in Resources */,
				455315201D96D1F000C9F5D7 /* icon-hack@2x.png in Resources */,
			);
			runOnlyForDeploymentPostprocessing = 0;
		};
/* End PBXResourcesBuildPhase section */

/* Begin PBXShellScriptBuildPhase section */
		093A95E1AA404A67486406F5 /* [CP] Copy Pods Resources */ = {
			isa = PBXShellScriptBuildPhase;
			buildActionMask = 2147483647;
			files = (
			);
			inputPaths = (
			);
			name = "[CP] Copy Pods Resources";
			outputPaths = (
			);
			runOnlyForDeploymentPostprocessing = 0;
			shellPath = /bin/sh;
			shellScript = "\"${SRCROOT}/Pods/Target Support Files/Pods-iPoulet/Pods-iPoulet-resources.sh\"\n";
			showEnvVarsInLog = 0;
		};
		ACB2D480C7032E12FB538F40 /* [CP] Check Pods Manifest.lock */ = {
			isa = PBXShellScriptBuildPhase;
			buildActionMask = 2147483647;
			files = (
			);
			inputPaths = (
			);
			name = "[CP] Check Pods Manifest.lock";
			outputPaths = (
			);
			runOnlyForDeploymentPostprocessing = 0;
			shellPath = /bin/sh;
			shellScript = "diff \"${PODS_ROOT}/../Podfile.lock\" \"${PODS_ROOT}/Manifest.lock\" > /dev/null\nif [[ $? != 0 ]] ; then\n    cat << EOM\nerror: The sandbox is not in sync with the Podfile.lock. Run 'pod install' or update your CocoaPods installation.\nEOM\n    exit 1\nfi\n";
			showEnvVarsInLog = 0;
		};
		FFD5A5B31077AAFB241485FF /* [CP] Embed Pods Frameworks */ = {
			isa = PBXShellScriptBuildPhase;
			buildActionMask = 2147483647;
			files = (
			);
			inputPaths = (
			);
			name = "[CP] Embed Pods Frameworks";
			outputPaths = (
			);
			runOnlyForDeploymentPostprocessing = 0;
			shellPath = /bin/sh;
			shellScript = "\"${SRCROOT}/Pods/Target Support Files/Pods-iPoulet/Pods-iPoulet-frameworks.sh\"\n";
			showEnvVarsInLog = 0;
		};
/* End PBXShellScriptBuildPhase section */

/* Begin PBXSourcesBuildPhase section */
		45FB30971D94DFFB00766F15 /* Sources */ = {
			isa = PBXSourcesBuildPhase;
			buildActionMask = 2147483647;
			files = (
				45FB31631D951F1000766F15 /* KQNewsCell.swift in Sources */,
				45FB30E11D95043C00766F15 /* MDRippleLayer.m in Sources */,
				45FB31071D95046F00766F15 /* DTTimePeriodCollection.m in Sources */,
				45FB30BC1D95041100766F15 /* UIColor+Chameleon.m in Sources */,
				45FB30DE1D95043C00766F15 /* MDProgress.m in Sources */,
				45FB31041D95046F00766F15 /* DTError.m in Sources */,
				455314C71D960EB200C9F5D7 /* KQProvider.swift in Sources */,
				45FB30EE1D95044B00766F15 /* RNCryptor.swift in Sources */,
				45FB311A1D9504A400766F15 /* KQNetwork.swift in Sources */,
				45FB31A51D9573DB00766F15 /* KQLinkPopup.swift in Sources */,
				45FB30E51D95043C00766F15 /* UIFontHelper.m in Sources */,
				45FB31141D95049D00766F15 /* Extension.swift in Sources */,
				455314D71D965EF300C9F5D7 /* KQStatusView.swift in Sources */,
				45FB315D1D950C2400766F15 /* KQErrorCell.swift in Sources */,
				455314B11D9609EE00C9F5D7 /* KQProviderCell.swift in Sources */,
				45FB310A1D95046F00766F15 /* NSDate+InternetDateTime.m in Sources */,
				45FB31031D95046F00766F15 /* DTConstants.m in Sources */,
				45FB30E31D95043C00766F15 /* MDTouchGestureRecognizer.m in Sources */,
				45FB30EA1D95043C00766F15 /* MDProgressLayer.m in Sources */,
				45FB30E21D95043C00766F15 /* UIColorHelper.m in Sources */,
				45FB31061D95046F00766F15 /* DTTimePeriodChain.m in Sources */,
				45FB31691D95250800766F15 /* KQSearchController.swift in Sources */,
				45FB30E01D95043C00766F15 /* MDButton.m in Sources */,
				45FB31731D9566D600766F15 /* KQPouletServer.swift in Sources */,
				45FB30E41D95043C00766F15 /* UIViewHelper.m in Sources */,
				45FB31681D95250800766F15 /* KQSearchBar.swift in Sources */,
				45FB311B1D9504A400766F15 /* KQShare.swift in Sources */,
				45FB30E91D95043C00766F15 /* MDLinearProgressLayer.m in Sources */,
				45FB31611D951C5500766F15 /* KQSettingCell.swift in Sources */,
				45FB311C1D9504A400766F15 /* KQNotification.swift in Sources */,
				455315151D96CB9900C9F5D7 /* KQSolutionPopup.swift in Sources */,
				45FB31081D95046F00766F15 /* DTTimePeriodGroup.m in Sources */,
				45FB311D1D9504A400766F15 /* KQConfigure.swift in Sources */,
				45FB30BE1D95041900766F15 /* Reachability.swift in Sources */,
				45FB315F1D950E0500766F15 /* KQErrorView.swift in Sources */,
				45FB31121D95049D00766F15 /* KQSize.swift in Sources */,
				45FB31B11D95821A00766F15 /* KQSolutionAnalyseView.swift in Sources */,
				45FB31151D95049D00766F15 /* KQFileHandle.swift in Sources */,
				45FB31251D95051300766F15 /* KQAnalyseView.swift in Sources */,
				45FB31201D9504AF00766F15 /* KQTabBarController.swift in Sources */,
				45FB316B1D9525EB00766F15 /* KQSolution.swift in Sources */,
				45FB30E61D95043C00766F15 /* MDDeviceHelper.m in Sources */,
				45FB309F1D94DFFB00766F15 /* AppDelegate.swift in Sources */,
				45FB316D1D9526FB00766F15 /* KQSolutionCell.swift in Sources */,
				45FB31211D9504AF00766F15 /* KQNavigationController.swift in Sources */,
				45FB31111D95049D00766F15 /* KQData.swift in Sources */,
				45FB31131D95049D00766F15 /* KQConst.swift in Sources */,
				45FB31291D95052F00766F15 /* KQSettingView.swift in Sources */,
				45FB31B31D95829D00766F15 /* KQIndicatorView.swift in Sources */,
				45FB31231D95050400766F15 /* KQMainView.swift in Sources */,
				45FB31711D9566C500766F15 /* KQPouletRequest.swift in Sources */,
				45FB30E81D95043C00766F15 /* MDCircularProgressLayer.m in Sources */,
				45FB30C11D95042700766F15 /* LocalNotificationHelper.swift in Sources */,
				45FB31091D95046F00766F15 /* NSDate+DateTools.m in Sources */,
				45FB31271D95052200766F15 /* KQNewsView.swift in Sources */,
				45FB30E71D95043C00766F15 /* MDTableViewCell.m in Sources */,
				455314AF1D9607F300C9F5D7 /* KQRankView.swift in Sources */,
				45FB30DF1D95043C00766F15 /* MDToast.m in Sources */,
				45FB31051D95046F00766F15 /* DTTimePeriod.m in Sources */,
				45FB31651D95247000766F15 /* KQSolutionView.swift in Sources */,
				45FB31AD1D9575DD00766F15 /* KQLogView.swift in Sources */,
			);
			runOnlyForDeploymentPostprocessing = 0;
		};
/* End PBXSourcesBuildPhase section */

/* Begin PBXVariantGroup section */
		45FB30A21D94DFFB00766F15 /* Main.storyboard */ = {
			isa = PBXVariantGroup;
			children = (
				45FB30A31D94DFFB00766F15 /* Base */,
			);
			name = Main.storyboard;
			sourceTree = "<group>";
		};
		45FB30A71D94DFFB00766F15 /* LaunchScreen.storyboard */ = {
			isa = PBXVariantGroup;
			children = (
				45FB30A81D94DFFB00766F15 /* Base */,
			);
			name = LaunchScreen.storyboard;
			sourceTree = "<group>";
		};
/* End PBXVariantGroup section */

/* Begin XCBuildConfiguration section */
		45FB30AB1D94DFFB00766F15 /* Debug */ = {
			isa = XCBuildConfiguration;
			buildSettings = {
				ALWAYS_SEARCH_USER_PATHS = NO;
				CLANG_ANALYZER_NONNULL = YES;
				CLANG_CXX_LANGUAGE_STANDARD = "gnu++0x";
				CLANG_CXX_LIBRARY = "libc++";
				CLANG_ENABLE_MODULES = YES;
				CLANG_ENABLE_OBJC_ARC = YES;
				CLANG_WARN_BOOL_CONVERSION = YES;
				CLANG_WARN_CONSTANT_CONVERSION = YES;
				CLANG_WARN_DIRECT_OBJC_ISA_USAGE = YES_ERROR;
				CLANG_WARN_EMPTY_BODY = YES;
				CLANG_WARN_ENUM_CONVERSION = YES;
				CLANG_WARN_INT_CONVERSION = YES;
				CLANG_WARN_OBJC_ROOT_CLASS = YES_ERROR;
				CLANG_WARN_UNREACHABLE_CODE = YES;
				CLANG_WARN__DUPLICATE_METHOD_MATCH = YES;
				"CODE_SIGN_IDENTITY[sdk=iphoneos*]" = "iPhone Developer";
				COPY_PHASE_STRIP = NO;
				DEBUG_INFORMATION_FORMAT = dwarf;
				ENABLE_STRICT_OBJC_MSGSEND = YES;
				ENABLE_TESTABILITY = YES;
				GCC_C_LANGUAGE_STANDARD = gnu99;
				GCC_DYNAMIC_NO_PIC = NO;
				GCC_NO_COMMON_BLOCKS = YES;
				GCC_OPTIMIZATION_LEVEL = 0;
				GCC_PREPROCESSOR_DEFINITIONS = (
					"DEBUG=1",
					"$(inherited)",
				);
				GCC_WARN_64_TO_32_BIT_CONVERSION = YES;
				GCC_WARN_ABOUT_RETURN_TYPE = YES_ERROR;
				GCC_WARN_UNDECLARED_SELECTOR = YES;
				GCC_WARN_UNINITIALIZED_AUTOS = YES_AGGRESSIVE;
				GCC_WARN_UNUSED_FUNCTION = YES;
				GCC_WARN_UNUSED_VARIABLE = YES;
				IPHONEOS_DEPLOYMENT_TARGET = 9.3;
				MTL_ENABLE_DEBUG_INFO = YES;
				ONLY_ACTIVE_ARCH = YES;
				SDKROOT = iphoneos;
				SWIFT_OPTIMIZATION_LEVEL = "-Onone";
				TARGETED_DEVICE_FAMILY = "1,2";
			};
			name = Debug;
		};
		45FB30AC1D94DFFB00766F15 /* Release */ = {
			isa = XCBuildConfiguration;
			buildSettings = {
				ALWAYS_SEARCH_USER_PATHS = NO;
				CLANG_ANALYZER_NONNULL = YES;
				CLANG_CXX_LANGUAGE_STANDARD = "gnu++0x";
				CLANG_CXX_LIBRARY = "libc++";
				CLANG_ENABLE_MODULES = YES;
				CLANG_ENABLE_OBJC_ARC = YES;
				CLANG_WARN_BOOL_CONVERSION = YES;
				CLANG_WARN_CONSTANT_CONVERSION = YES;
				CLANG_WARN_DIRECT_OBJC_ISA_USAGE = YES_ERROR;
				CLANG_WARN_EMPTY_BODY = YES;
				CLANG_WARN_ENUM_CONVERSION = YES;
				CLANG_WARN_INT_CONVERSION = YES;
				CLANG_WARN_OBJC_ROOT_CLASS = YES_ERROR;
				CLANG_WARN_UNREACHABLE_CODE = YES;
				CLANG_WARN__DUPLICATE_METHOD_MATCH = YES;
				"CODE_SIGN_IDENTITY[sdk=iphoneos*]" = "iPhone Developer";
				COPY_PHASE_STRIP = NO;
				DEBUG_INFORMATION_FORMAT = "dwarf-with-dsym";
				ENABLE_NS_ASSERTIONS = NO;
				ENABLE_STRICT_OBJC_MSGSEND = YES;
				GCC_C_LANGUAGE_STANDARD = gnu99;
				GCC_NO_COMMON_BLOCKS = YES;
				GCC_WARN_64_TO_32_BIT_CONVERSION = YES;
				GCC_WARN_ABOUT_RETURN_TYPE = YES_ERROR;
				GCC_WARN_UNDECLARED_SELECTOR = YES;
				GCC_WARN_UNINITIALIZED_AUTOS = YES_AGGRESSIVE;
				GCC_WARN_UNUSED_FUNCTION = YES;
				GCC_WARN_UNUSED_VARIABLE = YES;
				IPHONEOS_DEPLOYMENT_TARGET = 9.3;
				MTL_ENABLE_DEBUG_INFO = NO;
				SDKROOT = iphoneos;
				TARGETED_DEVICE_FAMILY = "1,2";
				VALIDATE_PRODUCT = YES;
			};
			name = Release;
		};
		45FB30AE1D94DFFB00766F15 /* Debug */ = {
			isa = XCBuildConfiguration;
			baseConfigurationReference = 685768F8374C09AAEFCE6299 /* Pods-iPoulet.debug.xcconfig */;
			buildSettings = {
				ASSETCATALOG_COMPILER_APPICON_NAME = AppIcon;
				CLANG_ENABLE_MODULES = YES;
				INFOPLIST_FILE = iPoulet/Info.plist;
				LD_RUNPATH_SEARCH_PATHS = "$(inherited) @executable_path/Frameworks";
				PRODUCT_BUNDLE_IDENTIFIER = vn.khaiquoc.iPoulet;
				PRODUCT_NAME = "$(TARGET_NAME)";
				SWIFT_OBJC_BRIDGING_HEADER = "iPoulet/ObjC-Bridging-Header.h";
				SWIFT_OPTIMIZATION_LEVEL = "-Onone";
			};
			name = Debug;
		};
		45FB30AF1D94DFFB00766F15 /* Release */ = {
			isa = XCBuildConfiguration;
			baseConfigurationReference = 02228E86BB99892CB44C0FAE /* Pods-iPoulet.release.xcconfig */;
			buildSettings = {
				ASSETCATALOG_COMPILER_APPICON_NAME = AppIcon;
				CLANG_ENABLE_MODULES = YES;
				INFOPLIST_FILE = iPoulet/Info.plist;
				LD_RUNPATH_SEARCH_PATHS = "$(inherited) @executable_path/Frameworks";
				PRODUCT_BUNDLE_IDENTIFIER = vn.khaiquoc.iPoulet;
				PRODUCT_NAME = "$(TARGET_NAME)";
				SWIFT_OBJC_BRIDGING_HEADER = "iPoulet/ObjC-Bridging-Header.h";
			};
			name = Release;
		};
/* End XCBuildConfiguration section */

/* Begin XCConfigurationList section */
		45FB30961D94DFFB00766F15 /* Build configuration list for PBXProject "iPoulet" */ = {
			isa = XCConfigurationList;
			buildConfigurations = (
				45FB30AB1D94DFFB00766F15 /* Debug */,
				45FB30AC1D94DFFB00766F15 /* Release */,
			);
			defaultConfigurationIsVisible = 0;
			defaultConfigurationName = Release;
		};
		45FB30AD1D94DFFB00766F15 /* Build configuration list for PBXNativeTarget "iPoulet" */ = {
			isa = XCConfigurationList;
			buildConfigurations = (
				45FB30AE1D94DFFB00766F15 /* Debug */,
				45FB30AF1D94DFFB00766F15 /* Release */,
			);
			defaultConfigurationIsVisible = 0;
			defaultConfigurationName = Release;
		};
/* End XCConfigurationList section */
	};
	rootObject = 45FB30931D94DFFB00766F15 /* Project object */;
}
